
Microsoft Visual Studio Solution File, Format Version 12.00
# Visual Studio Version 16
VisualStudioVersion = 16.5.29926.136
MinimumVisualStudioVersion = 10.0.40219.1
Project("{FAE04EC0-301F-11D3-BF4B-00C04F79EFBC}") = "MakingThingsTalk", "MakingThingsTalk\MakingThingsTalk.csproj", "{13A45C13-3265-47B8-BC48-A553B569DF55}"
	ProjectSection(ProjectDependencies) = postProject
		{7C7E041E-F690-482E-9683-A8B76EB352DC} = {7C7E041E-F690-482E-9683-A8B76EB352DC}
		{AE00BDAF-8656-47AC-82B2-BE7AF9764922} = {AE00BDAF-8656-47AC-82B2-BE7AF9764922}
		{E35530F4-F25D-485E-ABE9-6F8FC55A1FCD} = {E35530F4-F25D-485E-ABE9-6F8FC55A1FCD}
		{67008B1D-B9D5-4B54-B538-0BDE812BE013} = {67008B1D-B9D5-4B54-B538-0BDE812BE013}
		{F5FEA419-DD11-4A91-BC48-CFA6B2B20971} = {F5FEA419-DD11-4A91-BC48-CFA6B2B20971}
		{6CE3D779-B278-4D51-9559-473A55B2547B} = {6CE3D779-B278-4D51-9559-473A55B2547B}
		{45A17E45-4DD7-4061-BB40-0531E366615E} = {45A17E45-4DD7-4061-BB40-0531E366615E}
		{BA7106D6-8240-40E5-9108-B70DED129C54} = {BA7106D6-8240-40E5-9108-B70DED129C54}
		{F3BAE85E-D740-475D-8BB7-AF95EE13C5A5} = {F3BAE85E-D740-475D-8BB7-AF95EE13C5A5}
		{4DCEBF51-5667-4FA9-A092-C45AC28D97D1} = {4DCEBF51-5667-4FA9-A092-C45AC28D97D1}
		{E281827A-83E5-4AD6-BF6B-A01FFEB6E735} = {E281827A-83E5-4AD6-BF6B-A01FFEB6E735}
		{1450742A-D2E2-4B3A-BABC-1C3997626047} = {1450742A-D2E2-4B3A-BABC-1C3997626047}
		{780190BE-8AE0-478B-B48F-6E76182DE6D5} = {780190BE-8AE0-478B-B48F-6E76182DE6D5}
		{CA0F7D80-9E15-429E-9B03-B9D0A9315B98} = {CA0F7D80-9E15-429E-9B03-B9D0A9315B98}
		{5F751B41-D314-44D1-A14E-E2F63218E04B} = {5F751B41-D314-44D1-A14E-E2F63218E04B}
		{1F8F8C22-6502-4E45-B971-267329650FC0} = {1F8F8C22-6502-4E45-B971-267329650FC0}
		{9E1C9E35-389F-4074-AFB7-442E490D6918} = {9E1C9E35-389F-4074-AFB7-442E490D6918}
		{7677CBCB-285A-4029-94EC-57DEECDAD37B} = {7677CBCB-285A-4029-94EC-57DEECDAD37B}
		{E03F6ADD-CA7C-45BD-AA73-69728AB703DE} = {E03F6ADD-CA7C-45BD-AA73-69728AB703DE}
		{25724506-189F-43C7-AF2D-08EA4D260E1D} = {25724506-189F-43C7-AF2D-08EA4D260E1D}
		{6FD42275-D292-4124-ACEF-150B42F553FC} = {6FD42275-D292-4124-ACEF-150B42F553FC}
		{8574FD12-F727-49EA-A3B7-7CAF289760C4} = {8574FD12-F727-49EA-A3B7-7CAF289760C4}
	EndProjectSection
EndProject
Project("{FAE04EC0-301F-11D3-BF4B-00C04F79EFBC}") = "Microsoft.MixedReality.Toolkit.SDK", "C:\Users\16102434\Source\Repos\Solvers\MTT\GeneratedProjects\UWP\Microsoft.MixedReality.Toolkit.SDK\Microsoft.MixedReality.Toolkit.SDK.csproj", "{7C7E041E-F690-482E-9683-A8B76EB352DC}"
EndProject
Project("{FAE04EC0-301F-11D3-BF4B-00C04F79EFBC}") = "Microsoft.MixedReality.Toolkit.Providers.OpenVR", "C:\Users\16102434\Source\Repos\Solvers\MTT\GeneratedProjects\UWP\Microsoft.MixedReality.Toolkit.Providers.OpenVR\Microsoft.MixedReality.Toolkit.Providers.OpenVR.csproj", "{AE00BDAF-8656-47AC-82B2-BE7AF9764922}"
EndProject
Project("{FAE04EC0-301F-11D3-BF4B-00C04F79EFBC}") = "Microsoft.MixedReality.Toolkit", "C:\Users\16102434\Source\Repos\Solvers\MTT\GeneratedProjects\UWP\Microsoft.MixedReality.Toolkit\Microsoft.MixedReality.Toolkit.csproj", "{E35530F4-F25D-485E-ABE9-6F8FC55A1FCD}"
EndProject
Project("{FAE04EC0-301F-11D3-BF4B-00C04F79EFBC}") = "Assembly-CSharp", "C:\Users\16102434\Source\Repos\Solvers\MTT\GeneratedProjects\UWP\Assembly-CSharp\Assembly-CSharp.csproj", "{67008B1D-B9D5-4B54-B538-0BDE812BE013}"
EndProject
Project("{FAE04EC0-301F-11D3-BF4B-00C04F79EFBC}") = "Microsoft.MixedReality.Toolkit.Services.SpatialAwarenessSystem", "C:\Users\16102434\Source\Repos\Solvers\MTT\GeneratedProjects\UWP\Microsoft.MixedReality.Toolkit.Services.SpatialAwarenessSystem\Microsoft.MixedReality.Toolkit.Services.SpatialAwarenessSystem.csproj", "{F5FEA419-DD11-4A91-BC48-CFA6B2B20971}"
EndProject
Project("{FAE04EC0-301F-11D3-BF4B-00C04F79EFBC}") = "Unity.TextMeshPro", "C:\Users\16102434\Source\Repos\Solvers\MTT\GeneratedProjects\UWP\Unity.TextMeshPro\Unity.TextMeshPro.csproj", "{6CE3D779-B278-4D51-9559-473A55B2547B}"
EndProject
Project("{FAE04EC0-301F-11D3-BF4B-00C04F79EFBC}") = "Microsoft.MixedReality.Toolkit.Gltf", "C:\Users\16102434\Source\Repos\Solvers\MTT\GeneratedProjects\UWP\Microsoft.MixedReality.Toolkit.Gltf\Microsoft.MixedReality.Toolkit.Gltf.csproj", "{45A17E45-4DD7-4061-BB40-0531E366615E}"
EndProject
Project("{FAE04EC0-301F-11D3-BF4B-00C04F79EFBC}") = "Microsoft.MixedReality.Toolkit.Services.SceneSystem", "C:\Users\16102434\Source\Repos\Solvers\MTT\GeneratedProjects\UWP\Microsoft.MixedReality.Toolkit.Services.SceneSystem\Microsoft.MixedReality.Toolkit.Services.SceneSystem.csproj", "{BA7106D6-8240-40E5-9108-B70DED129C54}"
EndProject
Project("{FAE04EC0-301F-11D3-BF4B-00C04F79EFBC}") = "Unity.Analytics.DataPrivacy", "C:\Users\16102434\Source\Repos\Solvers\MTT\GeneratedProjects\UWP\Unity.Analytics.DataPrivacy\Unity.Analytics.DataPrivacy.csproj", "{F3BAE85E-D740-475D-8BB7-AF95EE13C5A5}"
EndProject
Project("{FAE04EC0-301F-11D3-BF4B-00C04F79EFBC}") = "Microsoft.MixedReality.Toolkit.Services.InputSystem", "C:\Users\16102434\Source\Repos\Solvers\MTT\GeneratedProjects\UWP\Microsoft.MixedReality.Toolkit.Services.InputSystem\Microsoft.MixedReality.Toolkit.Services.InputSystem.csproj", "{4DCEBF51-5667-4FA9-A092-C45AC28D97D1}"
EndProject
Project("{FAE04EC0-301F-11D3-BF4B-00C04F79EFBC}") = "Microsoft.MixedReality.Toolkit.Services.InputSimulation", "C:\Users\16102434\Source\Repos\Solvers\MTT\GeneratedProjects\UWP\Microsoft.MixedReality.Toolkit.Services.InputSimulation\Microsoft.MixedReality.Toolkit.Services.InputSimulation.csproj", "{E281827A-83E5-4AD6-BF6B-A01FFEB6E735}"
EndProject
Project("{FAE04EC0-301F-11D3-BF4B-00C04F79EFBC}") = "Microsoft.MixedReality.Toolkit.Providers.UnityAR", "C:\Users\16102434\Source\Repos\Solvers\MTT\GeneratedProjects\UWP\Microsoft.MixedReality.Toolkit.Providers.UnityAR\Microsoft.MixedReality.Toolkit.Providers.UnityAR.csproj", "{1450742A-D2E2-4B3A-BABC-1C3997626047}"
EndProject
Project("{FAE04EC0-301F-11D3-BF4B-00C04F79EFBC}") = "Microsoft.MixedReality.Toolkit.Services.InputAnimation", "C:\Users\16102434\Source\Repos\Solvers\MTT\GeneratedProjects\UWP\Microsoft.MixedReality.Toolkit.Services.InputAnimation\Microsoft.MixedReality.Toolkit.Services.InputAnimation.csproj", "{780190BE-8AE0-478B-B48F-6E76182DE6D5}"
EndProject
Project("{FAE04EC0-301F-11D3-BF4B-00C04F79EFBC}") = "Microsoft.MixedReality.Toolkit.Providers.WindowsVoiceInput", "C:\Users\16102434\Source\Repos\Solvers\MTT\GeneratedProjects\UWP\Microsoft.MixedReality.Toolkit.Providers.WindowsVoiceInput\Microsoft.MixedReality.Toolkit.Providers.WindowsVoiceInput.csproj", "{CA0F7D80-9E15-429E-9B03-B9D0A9315B98}"
EndProject
Project("{FAE04EC0-301F-11D3-BF4B-00C04F79EFBC}") = "Microsoft.MixedReality.Toolkit.Services.DiagnosticsSystem", "C:\Users\16102434\Source\Repos\Solvers\MTT\GeneratedProjects\UWP\Microsoft.MixedReality.Toolkit.Services.DiagnosticsSystem\Microsoft.MixedReality.Toolkit.Services.DiagnosticsSystem.csproj", "{5F751B41-D314-44D1-A14E-E2F63218E04B}"
EndProject
Project("{FAE04EC0-301F-11D3-BF4B-00C04F79EFBC}") = "Microsoft.MixedReality.Toolkit.Async", "C:\Users\16102434\Source\Repos\Solvers\MTT\GeneratedProjects\UWP\Microsoft.MixedReality.Toolkit.Async\Microsoft.MixedReality.Toolkit.Async.csproj", "{1F8F8C22-6502-4E45-B971-267329650FC0}"
EndProject
Project("{FAE04EC0-301F-11D3-BF4B-00C04F79EFBC}") = "Microsoft.MixedReality.Toolkit.Providers.WindowsMixedReality", "C:\Users\16102434\Source\Repos\Solvers\MTT\GeneratedProjects\UWP\Microsoft.MixedReality.Toolkit.Providers.WindowsMixedReality\Microsoft.MixedReality.Toolkit.Providers.WindowsMixedReality.csproj", "{9E1C9E35-389F-4074-AFB7-442E490D6918}"
EndProject
Project("{FAE04EC0-301F-11D3-BF4B-00C04F79EFBC}") = "Microsoft.MixedReality.Toolkit.Providers.WindowsMixedReality.Shared", "C:\Users\16102434\Source\Repos\Solvers\MTT\GeneratedProjects\UWP\Microsoft.MixedReality.Toolkit.Providers.WindowsMixedReality.Shared\Microsoft.MixedReality.Toolkit.Providers.WindowsMixedReality.Shared.csproj", "{7677CBCB-285A-4029-94EC-57DEECDAD37B}"
EndProject
Project("{FAE04EC0-301F-11D3-BF4B-00C04F79EFBC}") = "Microsoft.MixedReality.Toolkit.Services.TeleportSystem", "C:\Users\16102434\Source\Repos\Solvers\MTT\GeneratedProjects\UWP\Microsoft.MixedReality.Toolkit.Services.TeleportSystem\Microsoft.MixedReality.Toolkit.Services.TeleportSystem.csproj", "{E03F6ADD-CA7C-45BD-AA73-69728AB703DE}"
EndProject
Project("{FAE04EC0-301F-11D3-BF4B-00C04F79EFBC}") = "Microsoft.MixedReality.Toolkit.Services.CameraSystem", "C:\Users\16102434\Source\Repos\Solvers\MTT\GeneratedProjects\UWP\Microsoft.MixedReality.Toolkit.Services.CameraSystem\Microsoft.MixedReality.Toolkit.Services.CameraSystem.csproj", "{25724506-189F-43C7-AF2D-08EA4D260E1D}"
EndProject
Project("{FAE04EC0-301F-11D3-BF4B-00C04F79EFBC}") = "Microsoft.MixedReality.Toolkit.Services.BoundarySystem", "C:\Users\16102434\Source\Repos\Solvers\MTT\GeneratedProjects\UWP\Microsoft.MixedReality.Toolkit.Services.BoundarySystem\Microsoft.MixedReality.Toolkit.Services.BoundarySystem.csproj", "{6FD42275-D292-4124-ACEF-150B42F553FC}"
EndProject
Project("{FAE04EC0-301F-11D3-BF4B-00C04F79EFBC}") = "Unity.XR.WindowsMR", "C:\Users\16102434\Source\Repos\Solvers\MTT\GeneratedProjects\UWP\Unity.XR.WindowsMR\Unity.XR.WindowsMR.csproj", "{8574FD12-F727-49EA-A3B7-7CAF289760C4}"
EndProject
Global
	GlobalSection(SolutionConfigurationPlatforms) = preSolution
		Debug|ARM = Debug|ARM
		Debug|x64 = Debug|x64
		Debug|x86 = Debug|x86
		Master|ARM = Master|ARM
		Master|x64 = Master|x64
		Master|x86 = Master|x86
		Release|ARM = Release|ARM
		Release|x64 = Release|x64
		Release|x86 = Release|x86
	EndGlobalSection
	GlobalSection(ProjectConfigurationPlatforms) = postSolution
		{13A45C13-3265-47B8-BC48-A553B569DF55}.Debug|ARM.ActiveCfg = Debug|ARM
		{13A45C13-3265-47B8-BC48-A553B569DF55}.Debug|ARM.Build.0 = Debug|ARM
		{13A45C13-3265-47B8-BC48-A553B569DF55}.Debug|ARM.Deploy.0 = Debug|ARM
		{13A45C13-3265-47B8-BC48-A553B569DF55}.Debug|x64.ActiveCfg = Debug|x64
		{13A45C13-3265-47B8-BC48-A553B569DF55}.Debug|x64.Build.0 = Debug|x64
		{13A45C13-3265-47B8-BC48-A553B569DF55}.Debug|x64.Deploy.0 = Debug|x64
		{13A45C13-3265-47B8-BC48-A553B569DF55}.Debug|x86.ActiveCfg = Debug|x86
		{13A45C13-3265-47B8-BC48-A553B569DF55}.Debug|x86.Build.0 = Debug|x86
		{13A45C13-3265-47B8-BC48-A553B569DF55}.Debug|x86.Deploy.0 = Debug|x86
		{13A45C13-3265-47B8-BC48-A553B569DF55}.Master|ARM.ActiveCfg = Master|ARM
		{13A45C13-3265-47B8-BC48-A553B569DF55}.Master|ARM.Build.0 = Master|ARM
		{13A45C13-3265-47B8-BC48-A553B569DF55}.Master|ARM.Deploy.0 = Master|ARM
		{13A45C13-3265-47B8-BC48-A553B569DF55}.Master|x64.ActiveCfg = Master|x64
		{13A45C13-3265-47B8-BC48-A553B569DF55}.Master|x64.Build.0 = Master|x64
		{13A45C13-3265-47B8-BC48-A553B569DF55}.Master|x64.Deploy.0 = Master|x64
		{13A45C13-3265-47B8-BC48-A553B569DF55}.Master|x86.ActiveCfg = Master|x86
		{13A45C13-3265-47B8-BC48-A553B569DF55}.Master|x86.Build.0 = Master|x86
		{13A45C13-3265-47B8-BC48-A553B569DF55}.Master|x86.Deploy.0 = Master|x86
		{13A45C13-3265-47B8-BC48-A553B569DF55}.Release|ARM.ActiveCfg = Release|ARM
		{13A45C13-3265-47B8-BC48-A553B569DF55}.Release|ARM.Build.0 = Release|ARM
		{13A45C13-3265-47B8-BC48-A553B569DF55}.Release|ARM.Deploy.0 = Release|ARM
		{13A45C13-3265-47B8-BC48-A553B569DF55}.Release|x64.ActiveCfg = Release|x64
		{13A45C13-3265-47B8-BC48-A553B569DF55}.Release|x64.Build.0 = Release|x64
		{13A45C13-3265-47B8-BC48-A553B569DF55}.Release|x64.Deploy.0 = Release|x64
		{13A45C13-3265-47B8-BC48-A553B569DF55}.Release|x86.ActiveCfg = Release|x86
		{13A45C13-3265-47B8-BC48-A553B569DF55}.Release|x86.Build.0 = Release|x86
		{13A45C13-3265-47B8-BC48-A553B569DF55}.Release|x86.Deploy.0 = Release|x86
		{7C7E041E-F690-482E-9683-A8B76EB352DC}.Debug|ARM.ActiveCfg = Debug|ARM
		{7C7E041E-F690-482E-9683-A8B76EB352DC}.Debug|ARM.Build.0 = Debug|ARM
		{7C7E041E-F690-482E-9683-A8B76EB352DC}.Debug|x64.ActiveCfg = Debug|x64
		{7C7E041E-F690-482E-9683-A8B76EB352DC}.Debug|x64.Build.0 = Debug|x64
		{7C7E041E-F690-482E-9683-A8B76EB352DC}.Debug|x86.ActiveCfg = Debug|x86
		{7C7E041E-F690-482E-9683-A8B76EB352DC}.Debug|x86.Build.0 = Debug|x86
		{7C7E041E-F690-482E-9683-A8B76EB352DC}.Master|ARM.ActiveCfg = Master|ARM
		{7C7E041E-F690-482E-9683-A8B76EB352DC}.Master|ARM.Build.0 = Master|ARM
		{7C7E041E-F690-482E-9683-A8B76EB352DC}.Master|x64.ActiveCfg = Master|x64
		{7C7E041E-F690-482E-9683-A8B76EB352DC}.Master|x64.Build.0 = Master|x64
		{7C7E041E-F690-482E-9683-A8B76EB352DC}.Master|x86.ActiveCfg = Master|x86
		{7C7E041E-F690-482E-9683-A8B76EB352DC}.Master|x86.Build.0 = Master|x86
		{7C7E041E-F690-482E-9683-A8B76EB352DC}.Release|ARM.ActiveCfg = Release|ARM
		{7C7E041E-F690-482E-9683-A8B76EB352DC}.Release|ARM.Build.0 = Release|ARM
		{7C7E041E-F690-482E-9683-A8B76EB352DC}.Release|x64.ActiveCfg = Release|x64
		{7C7E041E-F690-482E-9683-A8B76EB352DC}.Release|x64.Build.0 = Release|x64
		{7C7E041E-F690-482E-9683-A8B76EB352DC}.Release|x86.ActiveCfg = Release|x86
		{7C7E041E-F690-482E-9683-A8B76EB352DC}.Release|x86.Build.0 = Release|x86
		{AE00BDAF-8656-47AC-82B2-BE7AF9764922}.Debug|ARM.ActiveCfg = Debug|ARM
		{AE00BDAF-8656-47AC-82B2-BE7AF9764922}.Debug|ARM.Build.0 = Debug|ARM
		{AE00BDAF-8656-47AC-82B2-BE7AF9764922}.Debug|x64.ActiveCfg = Debug|x64
		{AE00BDAF-8656-47AC-82B2-BE7AF9764922}.Debug|x64.Build.0 = Debug|x64
		{AE00BDAF-8656-47AC-82B2-BE7AF9764922}.Debug|x86.ActiveCfg = Debug|x86
		{AE00BDAF-8656-47AC-82B2-BE7AF9764922}.Debug|x86.Build.0 = Debug|x86
		{AE00BDAF-8656-47AC-82B2-BE7AF9764922}.Master|ARM.ActiveCfg = Master|ARM
		{AE00BDAF-8656-47AC-82B2-BE7AF9764922}.Master|ARM.Build.0 = Master|ARM
		{AE00BDAF-8656-47AC-82B2-BE7AF9764922}.Master|x64.ActiveCfg = Master|x64
		{AE00BDAF-8656-47AC-82B2-BE7AF9764922}.Master|x64.Build.0 = Master|x64
		{AE00BDAF-8656-47AC-82B2-BE7AF9764922}.Master|x86.ActiveCfg = Master|x86
		{AE00BDAF-8656-47AC-82B2-BE7AF9764922}.Master|x86.Build.0 = Master|x86
		{AE00BDAF-8656-47AC-82B2-BE7AF9764922}.Release|ARM.ActiveCfg = Release|ARM
		{AE00BDAF-8656-47AC-82B2-BE7AF9764922}.Release|ARM.Build.0 = Release|ARM
		{AE00BDAF-8656-47AC-82B2-BE7AF9764922}.Release|x64.ActiveCfg = Release|x64
		{AE00BDAF-8656-47AC-82B2-BE7AF9764922}.Release|x64.Build.0 = Release|x64
		{AE00BDAF-8656-47AC-82B2-BE7AF9764922}.Release|x86.ActiveCfg = Release|x86
		{AE00BDAF-8656-47AC-82B2-BE7AF9764922}.Release|x86.Build.0 = Release|x86
		{E35530F4-F25D-485E-ABE9-6F8FC55A1FCD}.Debug|ARM.ActiveCfg = Debug|ARM
		{E35530F4-F25D-485E-ABE9-6F8FC55A1FCD}.Debug|ARM.Build.0 = Debug|ARM
		{E35530F4-F25D-485E-ABE9-6F8FC55A1FCD}.Debug|x64.ActiveCfg = Debug|x64
		{E35530F4-F25D-485E-ABE9-6F8FC55A1FCD}.Debug|x64.Build.0 = Debug|x64
		{E35530F4-F25D-485E-ABE9-6F8FC55A1FCD}.Debug|x86.ActiveCfg = Debug|x86
		{E35530F4-F25D-485E-ABE9-6F8FC55A1FCD}.Debug|x86.Build.0 = Debug|x86
		{E35530F4-F25D-485E-ABE9-6F8FC55A1FCD}.Master|ARM.ActiveCfg = Master|ARM
		{E35530F4-F25D-485E-ABE9-6F8FC55A1FCD}.Master|ARM.Build.0 = Master|ARM
		{E35530F4-F25D-485E-ABE9-6F8FC55A1FCD}.Master|x64.ActiveCfg = Master|x64
		{E35530F4-F25D-485E-ABE9-6F8FC55A1FCD}.Master|x64.Build.0 = Master|x64
		{E35530F4-F25D-485E-ABE9-6F8FC55A1FCD}.Master|x86.ActiveCfg = Master|x86
		{E35530F4-F25D-485E-ABE9-6F8FC55A1FCD}.Master|x86.Build.0 = Master|x86
		{E35530F4-F25D-485E-ABE9-6F8FC55A1FCD}.Release|ARM.ActiveCfg = Release|ARM
		{E35530F4-F25D-485E-ABE9-6F8FC55A1FCD}.Release|ARM.Build.0 = Release|ARM
		{E35530F4-F25D-485E-ABE9-6F8FC55A1FCD}.Release|x64.ActiveCfg = Release|x64
		{E35530F4-F25D-485E-ABE9-6F8FC55A1FCD}.Release|x64.Build.0 = Release|x64
		{E35530F4-F25D-485E-ABE9-6F8FC55A1FCD}.Release|x86.ActiveCfg = Release|x86
		{E35530F4-F25D-485E-ABE9-6F8FC55A1FCD}.Release|x86.Build.0 = Release|x86
		{67008B1D-B9D5-4B54-B538-0BDE812BE013}.Debug|ARM.ActiveCfg = Debug|ARM
		{67008B1D-B9D5-4B54-B538-0BDE812BE013}.Debug|ARM.Build.0 = Debug|ARM
		{67008B1D-B9D5-4B54-B538-0BDE812BE013}.Debug|x64.ActiveCfg = Debug|x64
		{67008B1D-B9D5-4B54-B538-0BDE812BE013}.Debug|x64.Build.0 = Debug|x64
		{67008B1D-B9D5-4B54-B538-0BDE812BE013}.Debug|x86.ActiveCfg = Debug|x86
		{67008B1D-B9D5-4B54-B538-0BDE812BE013}.Debug|x86.Build.0 = Debug|x86
		{67008B1D-B9D5-4B54-B538-0BDE812BE013}.Master|ARM.ActiveCfg = Master|ARM
		{67008B1D-B9D5-4B54-B538-0BDE812BE013}.Master|ARM.Build.0 = Master|ARM
		{67008B1D-B9D5-4B54-B538-0BDE812BE013}.Master|x64.ActiveCfg = Master|x64
		{67008B1D-B9D5-4B54-B538-0BDE812BE013}.Master|x64.Build.0 = Master|x64
		{67008B1D-B9D5-4B54-B538-0BDE812BE013}.Master|x86.ActiveCfg = Master|x86
		{67008B1D-B9D5-4B54-B538-0BDE812BE013}.Master|x86.Build.0 = Master|x86
		{67008B1D-B9D5-4B54-B538-0BDE812BE013}.Release|ARM.ActiveCfg = Release|ARM
		{67008B1D-B9D5-4B54-B538-0BDE812BE013}.Release|ARM.Build.0 = Release|ARM
		{67008B1D-B9D5-4B54-B538-0BDE812BE013}.Release|x64.ActiveCfg = Release|x64
		{67008B1D-B9D5-4B54-B538-0BDE812BE013}.Release|x64.Build.0 = Release|x64
		{67008B1D-B9D5-4B54-B538-0BDE812BE013}.Release|x86.ActiveCfg = Release|x86
		{67008B1D-B9D5-4B54-B538-0BDE812BE013}.Release|x86.Build.0 = Release|x86
		{F5FEA419-DD11-4A91-BC48-CFA6B2B20971}.Debug|ARM.ActiveCfg = Debug|ARM
		{F5FEA419-DD11-4A91-BC48-CFA6B2B20971}.Debug|ARM.Build.0 = Debug|ARM
		{F5FEA419-DD11-4A91-BC48-CFA6B2B20971}.Debug|x64.ActiveCfg = Debug|x64
		{F5FEA419-DD11-4A91-BC48-CFA6B2B20971}.Debug|x64.Build.0 = Debug|x64
		{F5FEA419-DD11-4A91-BC48-CFA6B2B20971}.Debug|x86.ActiveCfg = Debug|x86
		{F5FEA419-DD11-4A91-BC48-CFA6B2B20971}.Debug|x86.Build.0 = Debug|x86
		{F5FEA419-DD11-4A91-BC48-CFA6B2B20971}.Master|ARM.ActiveCfg = Master|ARM
		{F5FEA419-DD11-4A91-BC48-CFA6B2B20971}.Master|ARM.Build.0 = Master|ARM
		{F5FEA419-DD11-4A91-BC48-CFA6B2B20971}.Master|x64.ActiveCfg = Master|x64
		{F5FEA419-DD11-4A91-BC48-CFA6B2B20971}.Master|x64.Build.0 = Master|x64
		{F5FEA419-DD11-4A91-BC48-CFA6B2B20971}.Master|x86.ActiveCfg = Master|x86
		{F5FEA419-DD11-4A91-BC48-CFA6B2B20971}.Master|x86.Build.0 = Master|x86
		{F5FEA419-DD11-4A91-BC48-CFA6B2B20971}.Release|ARM.ActiveCfg = Release|ARM
		{F5FEA419-DD11-4A91-BC48-CFA6B2B20971}.Release|ARM.Build.0 = Release|ARM
		{F5FEA419-DD11-4A91-BC48-CFA6B2B20971}.Release|x64.ActiveCfg = Release|x64
		{F5FEA419-DD11-4A91-BC48-CFA6B2B20971}.Release|x64.Build.0 = Release|x64
		{F5FEA419-DD11-4A91-BC48-CFA6B2B20971}.Release|x86.ActiveCfg = Release|x86
		{F5FEA419-DD11-4A91-BC48-CFA6B2B20971}.Release|x86.Build.0 = Release|x86
		{6CE3D779-B278-4D51-9559-473A55B2547B}.Debug|ARM.ActiveCfg = Debug|ARM
		{6CE3D779-B278-4D51-9559-473A55B2547B}.Debug|ARM.Build.0 = Debug|ARM
		{6CE3D779-B278-4D51-9559-473A55B2547B}.Debug|x64.ActiveCfg = Debug|x64
		{6CE3D779-B278-4D51-9559-473A55B2547B}.Debug|x64.Build.0 = Debug|x64
		{6CE3D779-B278-4D51-9559-473A55B2547B}.Debug|x86.ActiveCfg = Debug|x86
		{6CE3D779-B278-4D51-9559-473A55B2547B}.Debug|x86.Build.0 = Debug|x86
		{6CE3D779-B278-4D51-9559-473A55B2547B}.Master|ARM.ActiveCfg = Master|ARM
		{6CE3D779-B278-4D51-9559-473A55B2547B}.Master|ARM.Build.0 = Master|ARM
		{6CE3D779-B278-4D51-9559-473A55B2547B}.Master|x64.ActiveCfg = Master|x64
		{6CE3D779-B278-4D51-9559-473A55B2547B}.Master|x64.Build.0 = Master|x64
		{6CE3D779-B278-4D51-9559-473A55B2547B}.Master|x86.ActiveCfg = Master|x86
		{6CE3D779-B278-4D51-9559-473A55B2547B}.Master|x86.Build.0 = Master|x86
		{6CE3D779-B278-4D51-9559-473A55B2547B}.Release|ARM.ActiveCfg = Release|ARM
		{6CE3D779-B278-4D51-9559-473A55B2547B}.Release|ARM.Build.0 = Release|ARM
		{6CE3D779-B278-4D51-9559-473A55B2547B}.Release|x64.ActiveCfg = Release|x64
		{6CE3D779-B278-4D51-9559-473A55B2547B}.Release|x64.Build.0 = Release|x64
		{6CE3D779-B278-4D51-9559-473A55B2547B}.Release|x86.ActiveCfg = Release|x86
		{6CE3D779-B278-4D51-9559-473A55B2547B}.Release|x86.Build.0 = Release|x86
		{45A17E45-4DD7-4061-BB40-0531E366615E}.Debug|ARM.ActiveCfg = Debug|ARM
		{45A17E45-4DD7-4061-BB40-0531E366615E}.Debug|ARM.Build.0 = Debug|ARM
		{45A17E45-4DD7-4061-BB40-0531E366615E}.Debug|x64.ActiveCfg = Debug|x64
		{45A17E45-4DD7-4061-BB40-0531E366615E}.Debug|x64.Build.0 = Debug|x64
		{45A17E45-4DD7-4061-BB40-0531E366615E}.Debug|x86.ActiveCfg = Debug|x86
		{45A17E45-4DD7-4061-BB40-0531E366615E}.Debug|x86.Build.0 = Debug|x86
		{45A17E45-4DD7-4061-BB40-0531E366615E}.Master|ARM.ActiveCfg = Master|ARM
		{45A17E45-4DD7-4061-BB40-0531E366615E}.Master|ARM.Build.0 = Master|ARM
		{45A17E45-4DD7-4061-BB40-0531E366615E}.Master|x64.ActiveCfg = Master|x64
		{45A17E45-4DD7-4061-BB40-0531E366615E}.Master|x64.Build.0 = Master|x64
		{45A17E45-4DD7-4061-BB40-0531E366615E}.Master|x86.ActiveCfg = Master|x86
		{45A17E45-4DD7-4061-BB40-0531E366615E}.Master|x86.Build.0 = Master|x86
		{45A17E45-4DD7-4061-BB40-0531E366615E}.Release|ARM.ActiveCfg = Release|ARM
		{45A17E45-4DD7-4061-BB40-0531E366615E}.Release|ARM.Build.0 = Release|ARM
		{45A17E45-4DD7-4061-BB40-0531E366615E}.Release|x64.ActiveCfg = Release|x64
		{45A17E45-4DD7-4061-BB40-0531E366615E}.Release|x64.Build.0 = Release|x64
		{45A17E45-4DD7-4061-BB40-0531E366615E}.Release|x86.ActiveCfg = Release|x86
		{45A17E45-4DD7-4061-BB40-0531E366615E}.Release|x86.Build.0 = Release|x86
		{BA7106D6-8240-40E5-9108-B70DED129C54}.Debug|ARM.ActiveCfg = Debug|ARM
		{BA7106D6-8240-40E5-9108-B70DED129C54}.Debug|ARM.Build.0 = Debug|ARM
		{BA7106D6-8240-40E5-9108-B70DED129C54}.Debug|x64.ActiveCfg = Debug|x64
		{BA7106D6-8240-40E5-9108-B70DED129C54}.Debug|x64.Build.0 = Debug|x64
		{BA7106D6-8240-40E5-9108-B70DED129C54}.Debug|x86.ActiveCfg = Debug|x86
		{BA7106D6-8240-40E5-9108-B70DED129C54}.Debug|x86.Build.0 = Debug|x86
		{BA7106D6-8240-40E5-9108-B70DED129C54}.Master|ARM.ActiveCfg = Master|ARM
		{BA7106D6-8240-40E5-9108-B70DED129C54}.Master|ARM.Build.0 = Master|ARM
		{BA7106D6-8240-40E5-9108-B70DED129C54}.Master|x64.ActiveCfg = Master|x64
		{BA7106D6-8240-40E5-9108-B70DED129C54}.Master|x64.Build.0 = Master|x64
		{BA7106D6-8240-40E5-9108-B70DED129C54}.Master|x86.ActiveCfg = Master|x86
		{BA7106D6-8240-40E5-9108-B70DED129C54}.Master|x86.Build.0 = Master|x86
		{BA7106D6-8240-40E5-9108-B70DED129C54}.Release|ARM.ActiveCfg = Release|ARM
		{BA7106D6-8240-40E5-9108-B70DED129C54}.Release|ARM.Build.0 = Release|ARM
		{BA7106D6-8240-40E5-9108-B70DED129C54}.Release|x64.ActiveCfg = Release|x64
		{BA7106D6-8240-40E5-9108-B70DED129C54}.Release|x64.Build.0 = Release|x64
		{BA7106D6-8240-40E5-9108-B70DED129C54}.Release|x86.ActiveCfg = Release|x86
		{BA7106D6-8240-40E5-9108-B70DED129C54}.Release|x86.Build.0 = Release|x86
		{F3BAE85E-D740-475D-8BB7-AF95EE13C5A5}.Debug|ARM.ActiveCfg = Debug|ARM
		{F3BAE85E-D740-475D-8BB7-AF95EE13C5A5}.Debug|ARM.Build.0 = Debug|ARM
		{F3BAE85E-D740-475D-8BB7-AF95EE13C5A5}.Debug|x64.ActiveCfg = Debug|x64
		{F3BAE85E-D740-475D-8BB7-AF95EE13C5A5}.Debug|x64.Build.0 = Debug|x64
		{F3BAE85E-D740-475D-8BB7-AF95EE13C5A5}.Debug|x86.ActiveCfg = Debug|x86
		{F3BAE85E-D740-475D-8BB7-AF95EE13C5A5}.Debug|x86.Build.0 = Debug|x86
		{F3BAE85E-D740-475D-8BB7-AF95EE13C5A5}.Master|ARM.ActiveCfg = Master|ARM
		{F3BAE85E-D740-475D-8BB7-AF95EE13C5A5}.Master|ARM.Build.0 = Master|ARM
		{F3BAE85E-D740-475D-8BB7-AF95EE13C5A5}.Master|x64.ActiveCfg = Master|x64
		{F3BAE85E-D740-475D-8BB7-AF95EE13C5A5}.Master|x64.Build.0 = Master|x64
		{F3BAE85E-D740-475D-8BB7-AF95EE13C5A5}.Master|x86.ActiveCfg = Master|x86
		{F3BAE85E-D740-475D-8BB7-AF95EE13C5A5}.Master|x86.Build.0 = Master|x86
		{F3BAE85E-D740-475D-8BB7-AF95EE13C5A5}.Release|ARM.ActiveCfg = Release|ARM
		{F3BAE85E-D740-475D-8BB7-AF95EE13C5A5}.Release|ARM.Build.0 = Release|ARM
		{F3BAE85E-D740-475D-8BB7-AF95EE13C5A5}.Release|x64.ActiveCfg = Release|x64
		{F3BAE85E-D740-475D-8BB7-AF95EE13C5A5}.Release|x64.Build.0 = Release|x64
		{F3BAE85E-D740-475D-8BB7-AF95EE13C5A5}.Release|x86.ActiveCfg = Release|x86
		{F3BAE85E-D740-475D-8BB7-AF95EE13C5A5}.Release|x86.Build.0 = Release|x86
		{4DCEBF51-5667-4FA9-A092-C45AC28D97D1}.Debug|ARM.ActiveCfg = Debug|ARM
		{4DCEBF51-5667-4FA9-A092-C45AC28D97D1}.Debug|ARM.Build.0 = Debug|ARM
		{4DCEBF51-5667-4FA9-A092-C45AC28D97D1}.Debug|x64.ActiveCfg = Debug|x64
		{4DCEBF51-5667-4FA9-A092-C45AC28D97D1}.Debug|x64.Build.0 = Debug|x64
		{4DCEBF51-5667-4FA9-A092-C45AC28D97D1}.Debug|x86.ActiveCfg = Debug|x86
		{4DCEBF51-5667-4FA9-A092-C45AC28D97D1}.Debug|x86.Build.0 = Debug|x86
		{4DCEBF51-5667-4FA9-A092-C45AC28D97D1}.Master|ARM.ActiveCfg = Master|ARM
		{4DCEBF51-5667-4FA9-A092-C45AC28D97D1}.Master|ARM.Build.0 = Master|ARM
		{4DCEBF51-5667-4FA9-A092-C45AC28D97D1}.Master|x64.ActiveCfg = Master|x64
		{4DCEBF51-5667-4FA9-A092-C45AC28D97D1}.Master|x64.Build.0 = Master|x64
		{4DCEBF51-5667-4FA9-A092-C45AC28D97D1}.Master|x86.ActiveCfg = Master|x86
		{4DCEBF51-5667-4FA9-A092-C45AC28D97D1}.Master|x86.Build.0 = Master|x86
		{4DCEBF51-5667-4FA9-A092-C45AC28D97D1}.Release|ARM.ActiveCfg = Release|ARM
		{4DCEBF51-5667-4FA9-A092-C45AC28D97D1}.Release|ARM.Build.0 = Release|ARM
		{4DCEBF51-5667-4FA9-A092-C45AC28D97D1}.Release|x64.ActiveCfg = Release|x64
		{4DCEBF51-5667-4FA9-A092-C45AC28D97D1}.Release|x64.Build.0 = Release|x64
		{4DCEBF51-5667-4FA9-A092-C45AC28D97D1}.Release|x86.ActiveCfg = Release|x86
		{4DCEBF51-5667-4FA9-A092-C45AC28D97D1}.Release|x86.Build.0 = Release|x86
		{E281827A-83E5-4AD6-BF6B-A01FFEB6E735}.Debug|ARM.ActiveCfg = Debug|ARM
		{E281827A-83E5-4AD6-BF6B-A01FFEB6E735}.Debug|ARM.Build.0 = Debug|ARM
		{E281827A-83E5-4AD6-BF6B-A01FFEB6E735}.Debug|x64.ActiveCfg = Debug|x64
		{E281827A-83E5-4AD6-BF6B-A01FFEB6E735}.Debug|x64.Build.0 = Debug|x64
		{E281827A-83E5-4AD6-BF6B-A01FFEB6E735}.Debug|x86.ActiveCfg = Debug|x86
		{E281827A-83E5-4AD6-BF6B-A01FFEB6E735}.Debug|x86.Build.0 = Debug|x86
		{E281827A-83E5-4AD6-BF6B-A01FFEB6E735}.Master|ARM.ActiveCfg = Master|ARM
		{E281827A-83E5-4AD6-BF6B-A01FFEB6E735}.Master|ARM.Build.0 = Master|ARM
		{E281827A-83E5-4AD6-BF6B-A01FFEB6E735}.Master|x64.ActiveCfg = Master|x64
		{E281827A-83E5-4AD6-BF6B-A01FFEB6E735}.Master|x64.Build.0 = Master|x64
		{E281827A-83E5-4AD6-BF6B-A01FFEB6E735}.Master|x86.ActiveCfg = Master|x86
		{E281827A-83E5-4AD6-BF6B-A01FFEB6E735}.Master|x86.Build.0 = Master|x86
		{E281827A-83E5-4AD6-BF6B-A01FFEB6E735}.Release|ARM.ActiveCfg = Release|ARM
		{E281827A-83E5-4AD6-BF6B-A01FFEB6E735}.Release|ARM.Build.0 = Release|ARM
		{E281827A-83E5-4AD6-BF6B-A01FFEB6E735}.Release|x64.ActiveCfg = Release|x64
		{E281827A-83E5-4AD6-BF6B-A01FFEB6E735}.Release|x64.Build.0 = Release|x64
		{E281827A-83E5-4AD6-BF6B-A01FFEB6E735}.Release|x86.ActiveCfg = Release|x86
		{E281827A-83E5-4AD6-BF6B-A01FFEB6E735}.Release|x86.Build.0 = Release|x86
		{1450742A-D2E2-4B3A-BABC-1C3997626047}.Debug|ARM.ActiveCfg = Debug|ARM
		{1450742A-D2E2-4B3A-BABC-1C3997626047}.Debug|ARM.Build.0 = Debug|ARM
		{1450742A-D2E2-4B3A-BABC-1C3997626047}.Debug|x64.ActiveCfg = Debug|x64
		{1450742A-D2E2-4B3A-BABC-1C3997626047}.Debug|x64.Build.0 = Debug|x64
		{1450742A-D2E2-4B3A-BABC-1C3997626047}.Debug|x86.ActiveCfg = Debug|x86
		{1450742A-D2E2-4B3A-BABC-1C3997626047}.Debug|x86.Build.0 = Debug|x86
		{1450742A-D2E2-4B3A-BABC-1C3997626047}.Master|ARM.ActiveCfg = Master|ARM
		{1450742A-D2E2-4B3A-BABC-1C3997626047}.Master|ARM.Build.0 = Master|ARM
		{1450742A-D2E2-4B3A-BABC-1C3997626047}.Master|x64.ActiveCfg = Master|x64
		{1450742A-D2E2-4B3A-BABC-1C3997626047}.Master|x64.Build.0 = Master|x64
		{1450742A-D2E2-4B3A-BABC-1C3997626047}.Master|x86.ActiveCfg = Master|x86
		{1450742A-D2E2-4B3A-BABC-1C3997626047}.Master|x86.Build.0 = Master|x86
		{1450742A-D2E2-4B3A-BABC-1C3997626047}.Release|ARM.ActiveCfg = Release|ARM
		{1450742A-D2E2-4B3A-BABC-1C3997626047}.Release|ARM.Build.0 = Release|ARM
		{1450742A-D2E2-4B3A-BABC-1C3997626047}.Release|x64.ActiveCfg = Release|x64
		{1450742A-D2E2-4B3A-BABC-1C3997626047}.Release|x64.Build.0 = Release|x64
		{1450742A-D2E2-4B3A-BABC-1C3997626047}.Release|x86.ActiveCfg = Release|x86
		{1450742A-D2E2-4B3A-BABC-1C3997626047}.Release|x86.Build.0 = Release|x86
		{780190BE-8AE0-478B-B48F-6E76182DE6D5}.Debug|ARM.ActiveCfg = Debug|ARM
		{780190BE-8AE0-478B-B48F-6E76182DE6D5}.Debug|ARM.Build.0 = Debug|ARM
		{780190BE-8AE0-478B-B48F-6E76182DE6D5}.Debug|x64.ActiveCfg = Debug|x64
		{780190BE-8AE0-478B-B48F-6E76182DE6D5}.Debug|x64.Build.0 = Debug|x64
		{780190BE-8AE0-478B-B48F-6E76182DE6D5}.Debug|x86.ActiveCfg = Debug|x86
		{780190BE-8AE0-478B-B48F-6E76182DE6D5}.Debug|x86.Build.0 = Debug|x86
		{780190BE-8AE0-478B-B48F-6E76182DE6D5}.Master|ARM.ActiveCfg = Master|ARM
		{780190BE-8AE0-478B-B48F-6E76182DE6D5}.Master|ARM.Build.0 = Master|ARM
		{780190BE-8AE0-478B-B48F-6E76182DE6D5}.Master|x64.ActiveCfg = Master|x64
		{780190BE-8AE0-478B-B48F-6E76182DE6D5}.Master|x64.Build.0 = Master|x64
		{780190BE-8AE0-478B-B48F-6E76182DE6D5}.Master|x86.ActiveCfg = Master|x86
		{780190BE-8AE0-478B-B48F-6E76182DE6D5}.Master|x86.Build.0 = Master|x86
		{780190BE-8AE0-478B-B48F-6E76182DE6D5}.Release|ARM.ActiveCfg = Release|ARM
		{780190BE-8AE0-478B-B48F-6E76182DE6D5}.Release|ARM.Build.0 = Release|ARM
		{780190BE-8AE0-478B-B48F-6E76182DE6D5}.Release|x64.ActiveCfg = Release|x64
		{780190BE-8AE0-478B-B48F-6E76182DE6D5}.Release|x64.Build.0 = Release|x64
		{780190BE-8AE0-478B-B48F-6E76182DE6D5}.Release|x86.ActiveCfg = Release|x86
		{780190BE-8AE0-478B-B48F-6E76182DE6D5}.Release|x86.Build.0 = Release|x86
		{CA0F7D80-9E15-429E-9B03-B9D0A9315B98}.Debug|ARM.ActiveCfg = Debug|ARM
		{CA0F7D80-9E15-429E-9B03-B9D0A9315B98}.Debug|ARM.Build.0 = Debug|ARM
		{CA0F7D80-9E15-429E-9B03-B9D0A9315B98}.Debug|x64.ActiveCfg = Debug|x64
		{CA0F7D80-9E15-429E-9B03-B9D0A9315B98}.Debug|x64.Build.0 = Debug|x64
		{CA0F7D80-9E15-429E-9B03-B9D0A9315B98}.Debug|x86.ActiveCfg = Debug|x86
		{CA0F7D80-9E15-429E-9B03-B9D0A9315B98}.Debug|x86.Build.0 = Debug|x86
		{CA0F7D80-9E15-429E-9B03-B9D0A9315B98}.Master|ARM.ActiveCfg = Master|ARM
		{CA0F7D80-9E15-429E-9B03-B9D0A9315B98}.Master|ARM.Build.0 = Master|ARM
		{CA0F7D80-9E15-429E-9B03-B9D0A9315B98}.Master|x64.ActiveCfg = Master|x64
		{CA0F7D80-9E15-429E-9B03-B9D0A9315B98}.Master|x64.Build.0 = Master|x64
		{CA0F7D80-9E15-429E-9B03-B9D0A9315B98}.Master|x86.ActiveCfg = Master|x86
		{CA0F7D80-9E15-429E-9B03-B9D0A9315B98}.Master|x86.Build.0 = Master|x86
		{CA0F7D80-9E15-429E-9B03-B9D0A9315B98}.Release|ARM.ActiveCfg = Release|ARM
		{CA0F7D80-9E15-429E-9B03-B9D0A9315B98}.Release|ARM.Build.0 = Release|ARM
		{CA0F7D80-9E15-429E-9B03-B9D0A9315B98}.Release|x64.ActiveCfg = Release|x64
		{CA0F7D80-9E15-429E-9B03-B9D0A9315B98}.Release|x64.Build.0 = Release|x64
		{CA0F7D80-9E15-429E-9B03-B9D0A9315B98}.Release|x86.ActiveCfg = Release|x86
		{CA0F7D80-9E15-429E-9B03-B9D0A9315B98}.Release|x86.Build.0 = Release|x86
		{5F751B41-D314-44D1-A14E-E2F63218E04B}.Debug|ARM.ActiveCfg = Debug|ARM
		{5F751B41-D314-44D1-A14E-E2F63218E04B}.Debug|ARM.Build.0 = Debug|ARM
		{5F751B41-D314-44D1-A14E-E2F63218E04B}.Debug|x64.ActiveCfg = Debug|x64
		{5F751B41-D314-44D1-A14E-E2F63218E04B}.Debug|x64.Build.0 = Debug|x64
		{5F751B41-D314-44D1-A14E-E2F63218E04B}.Debug|x86.ActiveCfg = Debug|x86
		{5F751B41-D314-44D1-A14E-E2F63218E04B}.Debug|x86.Build.0 = Debug|x86
		{5F751B41-D314-44D1-A14E-E2F63218E04B}.Master|ARM.ActiveCfg = Master|ARM
		{5F751B41-D314-44D1-A14E-E2F63218E04B}.Master|ARM.Build.0 = Master|ARM
		{5F751B41-D314-44D1-A14E-E2F63218E04B}.Master|x64.ActiveCfg = Master|x64
		{5F751B41-D314-44D1-A14E-E2F63218E04B}.Master|x64.Build.0 = Master|x64
		{5F751B41-D314-44D1-A14E-E2F63218E04B}.Master|x86.ActiveCfg = Master|x86
		{5F751B41-D314-44D1-A14E-E2F63218E04B}.Master|x86.Build.0 = Master|x86
		{5F751B41-D314-44D1-A14E-E2F63218E04B}.Release|ARM.ActiveCfg = Release|ARM
		{5F751B41-D314-44D1-A14E-E2F63218E04B}.Release|ARM.Build.0 = Release|ARM
		{5F751B41-D314-44D1-A14E-E2F63218E04B}.Release|x64.ActiveCfg = Release|x64
		{5F751B41-D314-44D1-A14E-E2F63218E04B}.Release|x64.Build.0 = Release|x64
		{5F751B41-D314-44D1-A14E-E2F63218E04B}.Release|x86.ActiveCfg = Release|x86
		{5F751B41-D314-44D1-A14E-E2F63218E04B}.Release|x86.Build.0 = Release|x86
		{1F8F8C22-6502-4E45-B971-267329650FC0}.Debug|ARM.ActiveCfg = Debug|ARM
		{1F8F8C22-6502-4E45-B971-267329650FC0}.Debug|ARM.Build.0 = Debug|ARM
		{1F8F8C22-6502-4E45-B971-267329650FC0}.Debug|x64.ActiveCfg = Debug|x64
		{1F8F8C22-6502-4E45-B971-267329650FC0}.Debug|x64.Build.0 = Debug|x64
		{1F8F8C22-6502-4E45-B971-267329650FC0}.Debug|x86.ActiveCfg = Debug|x86
		{1F8F8C22-6502-4E45-B971-267329650FC0}.Debug|x86.Build.0 = Debug|x86
		{1F8F8C22-6502-4E45-B971-267329650FC0}.Master|ARM.ActiveCfg = Master|ARM
		{1F8F8C22-6502-4E45-B971-267329650FC0}.Master|ARM.Build.0 = Master|ARM
		{1F8F8C22-6502-4E45-B971-267329650FC0}.Master|x64.ActiveCfg = Master|x64
		{1F8F8C22-6502-4E45-B971-267329650FC0}.Master|x64.Build.0 = Master|x64
		{1F8F8C22-6502-4E45-B971-267329650FC0}.Master|x86.ActiveCfg = Master|x86
		{1F8F8C22-6502-4E45-B971-267329650FC0}.Master|x86.Build.0 = Master|x86
		{1F8F8C22-6502-4E45-B971-267329650FC0}.Release|ARM.ActiveCfg = Release|ARM
		{1F8F8C22-6502-4E45-B971-267329650FC0}.Release|ARM.Build.0 = Release|ARM
		{1F8F8C22-6502-4E45-B971-267329650FC0}.Release|x64.ActiveCfg = Release|x64
		{1F8F8C22-6502-4E45-B971-267329650FC0}.Release|x64.Build.0 = Release|x64
		{1F8F8C22-6502-4E45-B971-267329650FC0}.Release|x86.ActiveCfg = Release|x86
		{1F8F8C22-6502-4E45-B971-267329650FC0}.Release|x86.Build.0 = Release|x86
		{9E1C9E35-389F-4074-AFB7-442E490D6918}.Debug|ARM.ActiveCfg = Debug|ARM
		{9E1C9E35-389F-4074-AFB7-442E490D6918}.Debug|ARM.Build.0 = Debug|ARM
		{9E1C9E35-389F-4074-AFB7-442E490D6918}.Debug|x64.ActiveCfg = Debug|x64
		{9E1C9E35-389F-4074-AFB7-442E490D6918}.Debug|x64.Build.0 = Debug|x64
		{9E1C9E35-389F-4074-AFB7-442E490D6918}.Debug|x86.ActiveCfg = Debug|x86
		{9E1C9E35-389F-4074-AFB7-442E490D6918}.Debug|x86.Build.0 = Debug|x86
		{9E1C9E35-389F-4074-AFB7-442E490D6918}.Master|ARM.ActiveCfg = Master|ARM
		{9E1C9E35-389F-4074-AFB7-442E490D6918}.Master|ARM.Build.0 = Master|ARM
		{9E1C9E35-389F-4074-AFB7-442E490D6918}.Master|x64.ActiveCfg = Master|x64
		{9E1C9E35-389F-4074-AFB7-442E490D6918}.Master|x64.Build.0 = Master|x64
		{9E1C9E35-389F-4074-AFB7-442E490D6918}.Master|x86.ActiveCfg = Master|x86
		{9E1C9E35-389F-4074-AFB7-442E490D6918}.Master|x86.Build.0 = Master|x86
		{9E1C9E35-389F-4074-AFB7-442E490D6918}.Release|ARM.ActiveCfg = Release|ARM
		{9E1C9E35-389F-4074-AFB7-442E490D6918}.Release|ARM.Build.0 = Release|ARM
		{9E1C9E35-389F-4074-AFB7-442E490D6918}.Release|x64.ActiveCfg = Release|x64
		{9E1C9E35-389F-4074-AFB7-442E490D6918}.Release|x64.Build.0 = Release|x64
		{9E1C9E35-389F-4074-AFB7-442E490D6918}.Release|x86.ActiveCfg = Release|x86
		{9E1C9E35-389F-4074-AFB7-442E490D6918}.Release|x86.Build.0 = Release|x86
		{7677CBCB-285A-4029-94EC-57DEECDAD37B}.Debug|ARM.ActiveCfg = Debug|ARM
		{7677CBCB-285A-4029-94EC-57DEECDAD37B}.Debug|ARM.Build.0 = Debug|ARM
		{7677CBCB-285A-4029-94EC-57DEECDAD37B}.Debug|x64.ActiveCfg = Debug|x64
		{7677CBCB-285A-4029-94EC-57DEECDAD37B}.Debug|x64.Build.0 = Debug|x64
		{7677CBCB-285A-4029-94EC-57DEECDAD37B}.Debug|x86.ActiveCfg = Debug|x86
		{7677CBCB-285A-4029-94EC-57DEECDAD37B}.Debug|x86.Build.0 = Debug|x86
		{7677CBCB-285A-4029-94EC-57DEECDAD37B}.Master|ARM.ActiveCfg = Master|ARM
		{7677CBCB-285A-4029-94EC-57DEECDAD37B}.Master|ARM.Build.0 = Master|ARM
		{7677CBCB-285A-4029-94EC-57DEECDAD37B}.Master|x64.ActiveCfg = Master|x64
		{7677CBCB-285A-4029-94EC-57DEECDAD37B}.Master|x64.Build.0 = Master|x64
		{7677CBCB-285A-4029-94EC-57DEECDAD37B}.Master|x86.ActiveCfg = Master|x86
		{7677CBCB-285A-4029-94EC-57DEECDAD37B}.Master|x86.Build.0 = Master|x86
		{7677CBCB-285A-4029-94EC-57DEECDAD37B}.Release|ARM.ActiveCfg = Release|ARM
		{7677CBCB-285A-4029-94EC-57DEECDAD37B}.Release|ARM.Build.0 = Release|ARM
		{7677CBCB-285A-4029-94EC-57DEECDAD37B}.Release|x64.ActiveCfg = Release|x64
		{7677CBCB-285A-4029-94EC-57DEECDAD37B}.Release|x64.Build.0 = Release|x64
		{7677CBCB-285A-4029-94EC-57DEECDAD37B}.Release|x86.ActiveCfg = Release|x86
		{7677CBCB-285A-4029-94EC-57DEECDAD37B}.Release|x86.Build.0 = Release|x86
		{E03F6ADD-CA7C-45BD-AA73-69728AB703DE}.Debug|ARM.ActiveCfg = Debug|ARM
		{E03F6ADD-CA7C-45BD-AA73-69728AB703DE}.Debug|ARM.Build.0 = Debug|ARM
		{E03F6ADD-CA7C-45BD-AA73-69728AB703DE}.Debug|x64.ActiveCfg = Debug|x64
		{E03F6ADD-CA7C-45BD-AA73-69728AB703DE}.Debug|x64.Build.0 = Debug|x64
		{E03F6ADD-CA7C-45BD-AA73-69728AB703DE}.Debug|x86.ActiveCfg = Debug|x86
		{E03F6ADD-CA7C-45BD-AA73-69728AB703DE}.Debug|x86.Build.0 = Debug|x86
		{E03F6ADD-CA7C-45BD-AA73-69728AB703DE}.Master|ARM.ActiveCfg = Master|ARM
		{E03F6ADD-CA7C-45BD-AA73-69728AB703DE}.Master|ARM.Build.0 = Master|ARM
		{E03F6ADD-CA7C-45BD-AA73-69728AB703DE}.Master|x64.ActiveCfg = Master|x64
		{E03F6ADD-CA7C-45BD-AA73-69728AB703DE}.Master|x64.Build.0 = Master|x64
		{E03F6ADD-CA7C-45BD-AA73-69728AB703DE}.Master|x86.ActiveCfg = Master|x86
		{E03F6ADD-CA7C-45BD-AA73-69728AB703DE}.Master|x86.Build.0 = Master|x86
		{E03F6ADD-CA7C-45BD-AA73-69728AB703DE}.Release|ARM.ActiveCfg = Release|ARM
		{E03F6ADD-CA7C-45BD-AA73-69728AB703DE}.Release|ARM.Build.0 = Release|ARM
		{E03F6ADD-CA7C-45BD-AA73-69728AB703DE}.Release|x64.ActiveCfg = Release|x64
		{E03F6ADD-CA7C-45BD-AA73-69728AB703DE}.Release|x64.Build.0 = Release|x64
		{E03F6ADD-CA7C-45BD-AA73-69728AB703DE}.Release|x86.ActiveCfg = Release|x86
		{E03F6ADD-CA7C-45BD-AA73-69728AB703DE}.Release|x86.Build.0 = Release|x86
		{25724506-189F-43C7-AF2D-08EA4D260E1D}.Debug|ARM.ActiveCfg = Debug|ARM
		{25724506-189F-43C7-AF2D-08EA4D260E1D}.Debug|ARM.Build.0 = Debug|ARM
		{25724506-189F-43C7-AF2D-08EA4D260E1D}.Debug|x64.ActiveCfg = Debug|x64
		{25724506-189F-43C7-AF2D-08EA4D260E1D}.Debug|x64.Build.0 = Debug|x64
		{25724506-189F-43C7-AF2D-08EA4D260E1D}.Debug|x86.ActiveCfg = Debug|x86
		{25724506-189F-43C7-AF2D-08EA4D260E1D}.Debug|x86.Build.0 = Debug|x86
		{25724506-189F-43C7-AF2D-08EA4D260E1D}.Master|ARM.ActiveCfg = Master|ARM
		{25724506-189F-43C7-AF2D-08EA4D260E1D}.Master|ARM.Build.0 = Master|ARM
		{25724506-189F-43C7-AF2D-08EA4D260E1D}.Master|x64.ActiveCfg = Master|x64
		{25724506-189F-43C7-AF2D-08EA4D260E1D}.Master|x64.Build.0 = Master|x64
		{25724506-189F-43C7-AF2D-08EA4D260E1D}.Master|x86.ActiveCfg = Master|x86
		{25724506-189F-43C7-AF2D-08EA4D260E1D}.Master|x86.Build.0 = Master|x86
		{25724506-189F-43C7-AF2D-08EA4D260E1D}.Release|ARM.ActiveCfg = Release|ARM
		{25724506-189F-43C7-AF2D-08EA4D260E1D}.Release|ARM.Build.0 = Release|ARM
		{25724506-189F-43C7-AF2D-08EA4D260E1D}.Release|x64.ActiveCfg = Release|x64
		{25724506-189F-43C7-AF2D-08EA4D260E1D}.Release|x64.Build.0 = Release|x64
		{25724506-189F-43C7-AF2D-08EA4D260E1D}.Release|x86.ActiveCfg = Release|x86
		{25724506-189F-43C7-AF2D-08EA4D260E1D}.Release|x86.Build.0 = Release|x86
		{6FD42275-D292-4124-ACEF-150B42F553FC}.Debug|ARM.ActiveCfg = Debug|ARM
		{6FD42275-D292-4124-ACEF-150B42F553FC}.Debug|ARM.Build.0 = Debug|ARM
		{6FD42275-D292-4124-ACEF-150B42F553FC}.Debug|x64.ActiveCfg = Debug|x64
		{6FD42275-D292-4124-ACEF-150B42F553FC}.Debug|x64.Build.0 = Debug|x64
		{6FD42275-D292-4124-ACEF-150B42F553FC}.Debug|x86.ActiveCfg = Debug|x86
		{6FD42275-D292-4124-ACEF-150B42F553FC}.Debug|x86.Build.0 = Debug|x86
		{6FD42275-D292-4124-ACEF-150B42F553FC}.Master|ARM.ActiveCfg = Master|ARM
		{6FD42275-D292-4124-ACEF-150B42F553FC}.Master|ARM.Build.0 = Master|ARM
		{6FD42275-D292-4124-ACEF-150B42F553FC}.Master|x64.ActiveCfg = Master|x64
		{6FD42275-D292-4124-ACEF-150B42F553FC}.Master|x64.Build.0 = Master|x64
		{6FD42275-D292-4124-ACEF-150B42F553FC}.Master|x86.ActiveCfg = Master|x86
		{6FD42275-D292-4124-ACEF-150B42F553FC}.Master|x86.Build.0 = Master|x86
		{6FD42275-D292-4124-ACEF-150B42F553FC}.Release|ARM.ActiveCfg = Release|ARM
		{6FD42275-D292-4124-ACEF-150B42F553FC}.Release|ARM.Build.0 = Release|ARM
		{6FD42275-D292-4124-ACEF-150B42F553FC}.Release|x64.ActiveCfg = Release|x64
		{6FD42275-D292-4124-ACEF-150B42F553FC}.Release|x64.Build.0 = Release|x64
		{6FD42275-D292-4124-ACEF-150B42F553FC}.Release|x86.ActiveCfg = Release|x86
		{6FD42275-D292-4124-ACEF-150B42F553FC}.Release|x86.Build.0 = Release|x86
		{8574FD12-F727-49EA-A3B7-7CAF289760C4}.Debug|ARM.ActiveCfg = Debug|ARM
		{8574FD12-F727-49EA-A3B7-7CAF289760C4}.Debug|ARM.Build.0 = Debug|ARM
		{8574FD12-F727-49EA-A3B7-7CAF289760C4}.Debug|x64.ActiveCfg = Debug|x64
		{8574FD12-F727-49EA-A3B7-7CAF289760C4}.Debug|x64.Build.0 = Debug|x64
		{8574FD12-F727-49EA-A3B7-7CAF289760C4}.Debug|x86.ActiveCfg = Debug|x86
		{8574FD12-F727-49EA-A3B7-7CAF289760C4}.Debug|x86.Build.0 = Debug|x86
		{8574FD12-F727-49EA-A3B7-7CAF289760C4}.Master|ARM.ActiveCfg = Master|ARM
		{8574FD12-F727-49EA-A3B7-7CAF289760C4}.Master|ARM.Build.0 = Master|ARM
		{8574FD12-F727-49EA-A3B7-7CAF289760C4}.Master|x64.ActiveCfg = Master|x64
		{8574FD12-F727-49EA-A3B7-7CAF289760C4}.Master|x64.Build.0 = Master|x64
		{8574FD12-F727-49EA-A3B7-7CAF289760C4}.Master|x86.ActiveCfg = Master|x86
		{8574FD12-F727-49EA-A3B7-7CAF289760C4}.Master|x86.Build.0 = Master|x86
		{8574FD12-F727-49EA-A3B7-7CAF289760C4}.Release|ARM.ActiveCfg = Release|ARM
		{8574FD12-F727-49EA-A3B7-7CAF289760C4}.Release|ARM.Build.0 = Release|ARM
		{8574FD12-F727-49EA-A3B7-7CAF289760C4}.Release|x64.ActiveCfg = Release|x64
		{8574FD12-F727-49EA-A3B7-7CAF289760C4}.Release|x64.Build.0 = Release|x64
		{8574FD12-F727-49EA-A3B7-7CAF289760C4}.Release|x86.ActiveCfg = Release|x86
		{8574FD12-F727-49EA-A3B7-7CAF289760C4}.Release|x86.Build.0 = Release|x86
	EndGlobalSection
	GlobalSection(SolutionProperties) = preSolution
		HideSolutionNode = FALSE
	EndGlobalSection
	GlobalSection(ExtensibilityGlobals) = postSolution
		SolutionGuid = {00021C21-BB81-49BB-A8B2-3195BAC76BC7}
	EndGlobalSection
EndGlobal
