
Microsoft Visual Studio Solution File, Format Version 12.00
# Visual Studio Version 16
VisualStudioVersion = 16.5.29926.136
MinimumVisualStudioVersion = 10.0.40219.1
Project("{FAE04EC0-301F-11D3-BF4B-00C04F79EFBC}") = "MakingThingsTalk", "MakingThingsTalk\MakingThingsTalk.csproj", "{13A45C13-3265-47B8-BC48-A553B569DF55}"
	ProjectSection(ProjectDependencies) = postProject
		{7942CC7B-9569-46CF-BEA8-BDD30A91995E} = {7942CC7B-9569-46CF-BEA8-BDD30A91995E}
		{51BBBA40-F8EF-4641-91A7-FA2F7CBBAB05} = {51BBBA40-F8EF-4641-91A7-FA2F7CBBAB05}
		{C9294489-B25E-4EFB-8150-92E50FD0CAA7} = {C9294489-B25E-4EFB-8150-92E50FD0CAA7}
		{4B3B9F9D-4700-4436-B262-826F7FAA267B} = {4B3B9F9D-4700-4436-B262-826F7FAA267B}
		{BDA75F95-0A6A-4DD0-A553-FD4AE83A79BC} = {BDA75F95-0A6A-4DD0-A553-FD4AE83A79BC}
		{A251111C-736E-461E-B348-B9580AFFB8F6} = {A251111C-736E-461E-B348-B9580AFFB8F6}
		{9F12FD87-3B80-487B-98DA-29DD644635A8} = {9F12FD87-3B80-487B-98DA-29DD644635A8}
		{FF1450CF-7FAB-43CC-BF4B-5822CF9C8101} = {FF1450CF-7FAB-43CC-BF4B-5822CF9C8101}
		{3150C317-26B1-4EBF-86CA-B9738D933B2A} = {3150C317-26B1-4EBF-86CA-B9738D933B2A}
		{73E8B0CC-17A1-4CC9-AAA0-2FF0C8264BE4} = {73E8B0CC-17A1-4CC9-AAA0-2FF0C8264BE4}
		{2895585E-7235-4B57-B4F5-8B51CA5EC438} = {2895585E-7235-4B57-B4F5-8B51CA5EC438}
		{B3CD8F46-0691-45D7-82D1-A05A3D9FDE6B} = {B3CD8F46-0691-45D7-82D1-A05A3D9FDE6B}
		{8E7BC63D-423A-46BE-A01D-7792A2C1B39E} = {8E7BC63D-423A-46BE-A01D-7792A2C1B39E}
		{8A148A39-1A76-471A-9837-B652D8CEB4E9} = {8A148A39-1A76-471A-9837-B652D8CEB4E9}
		{9A0549D7-6563-4913-9B66-65E91CD55352} = {9A0549D7-6563-4913-9B66-65E91CD55352}
		{F9F83A17-1E5C-4E2C-BB41-A599EBD2FD64} = {F9F83A17-1E5C-4E2C-BB41-A599EBD2FD64}
		{BAE6A064-33FC-465F-B350-28040C0D7AE5} = {BAE6A064-33FC-465F-B350-28040C0D7AE5}
		{654E186C-C142-4588-AA8A-E5899565E512} = {654E186C-C142-4588-AA8A-E5899565E512}
		{A9792F2E-5AA4-407E-8D3D-2161D31BF189} = {A9792F2E-5AA4-407E-8D3D-2161D31BF189}
		{38568053-EFA9-497C-8410-2B74E0F990D5} = {38568053-EFA9-497C-8410-2B74E0F990D5}
		{604F7DFE-5CC3-4286-BA85-71B65148989A} = {604F7DFE-5CC3-4286-BA85-71B65148989A}
		{E013BE70-EF73-4238-A55D-65D11432515E} = {E013BE70-EF73-4238-A55D-65D11432515E}
	EndProjectSection
EndProject
Project("{FAE04EC0-301F-11D3-BF4B-00C04F79EFBC}") = "Microsoft.MixedReality.Toolkit.SDK", "C:\Users\16102434\Source\Repos\Solvers\MTTXAML\GeneratedProjects\UWP\Microsoft.MixedReality.Toolkit.SDK\Microsoft.MixedReality.Toolkit.SDK.csproj", "{7942CC7B-9569-46CF-BEA8-BDD30A91995E}"
EndProject
Project("{FAE04EC0-301F-11D3-BF4B-00C04F79EFBC}") = "Microsoft.MixedReality.Toolkit.Providers.OpenVR", "C:\Users\16102434\Source\Repos\Solvers\MTTXAML\GeneratedProjects\UWP\Microsoft.MixedReality.Toolkit.Providers.OpenVR\Microsoft.MixedReality.Toolkit.Providers.OpenVR.csproj", "{51BBBA40-F8EF-4641-91A7-FA2F7CBBAB05}"
EndProject
Project("{FAE04EC0-301F-11D3-BF4B-00C04F79EFBC}") = "Microsoft.MixedReality.Toolkit", "C:\Users\16102434\Source\Repos\Solvers\MTTXAML\GeneratedProjects\UWP\Microsoft.MixedReality.Toolkit\Microsoft.MixedReality.Toolkit.csproj", "{C9294489-B25E-4EFB-8150-92E50FD0CAA7}"
EndProject
Project("{FAE04EC0-301F-11D3-BF4B-00C04F79EFBC}") = "Assembly-CSharp", "C:\Users\16102434\Source\Repos\Solvers\MTTXAML\GeneratedProjects\UWP\Assembly-CSharp\Assembly-CSharp.csproj", "{4B3B9F9D-4700-4436-B262-826F7FAA267B}"
EndProject
Project("{FAE04EC0-301F-11D3-BF4B-00C04F79EFBC}") = "Microsoft.MixedReality.Toolkit.Services.SpatialAwarenessSystem", "C:\Users\16102434\Source\Repos\Solvers\MTTXAML\GeneratedProjects\UWP\Microsoft.MixedReality.Toolkit.Services.SpatialAwarenessSystem\Microsoft.MixedReality.Toolkit.Services.SpatialAwarenessSystem.csproj", "{BDA75F95-0A6A-4DD0-A553-FD4AE83A79BC}"
EndProject
Project("{FAE04EC0-301F-11D3-BF4B-00C04F79EFBC}") = "Unity.TextMeshPro", "C:\Users\16102434\Source\Repos\Solvers\MTTXAML\GeneratedProjects\UWP\Unity.TextMeshPro\Unity.TextMeshPro.csproj", "{A251111C-736E-461E-B348-B9580AFFB8F6}"
EndProject
Project("{FAE04EC0-301F-11D3-BF4B-00C04F79EFBC}") = "Microsoft.MixedReality.Toolkit.Gltf", "C:\Users\16102434\Source\Repos\Solvers\MTTXAML\GeneratedProjects\UWP\Microsoft.MixedReality.Toolkit.Gltf\Microsoft.MixedReality.Toolkit.Gltf.csproj", "{9F12FD87-3B80-487B-98DA-29DD644635A8}"
EndProject
Project("{FAE04EC0-301F-11D3-BF4B-00C04F79EFBC}") = "Microsoft.MixedReality.Toolkit.Services.SceneSystem", "C:\Users\16102434\Source\Repos\Solvers\MTTXAML\GeneratedProjects\UWP\Microsoft.MixedReality.Toolkit.Services.SceneSystem\Microsoft.MixedReality.Toolkit.Services.SceneSystem.csproj", "{FF1450CF-7FAB-43CC-BF4B-5822CF9C8101}"
EndProject
Project("{FAE04EC0-301F-11D3-BF4B-00C04F79EFBC}") = "Unity.Analytics.DataPrivacy", "C:\Users\16102434\Source\Repos\Solvers\MTTXAML\GeneratedProjects\UWP\Unity.Analytics.DataPrivacy\Unity.Analytics.DataPrivacy.csproj", "{3150C317-26B1-4EBF-86CA-B9738D933B2A}"
EndProject
Project("{FAE04EC0-301F-11D3-BF4B-00C04F79EFBC}") = "Microsoft.MixedReality.Toolkit.Services.InputSystem", "C:\Users\16102434\Source\Repos\Solvers\MTTXAML\GeneratedProjects\UWP\Microsoft.MixedReality.Toolkit.Services.InputSystem\Microsoft.MixedReality.Toolkit.Services.InputSystem.csproj", "{73E8B0CC-17A1-4CC9-AAA0-2FF0C8264BE4}"
EndProject
Project("{FAE04EC0-301F-11D3-BF4B-00C04F79EFBC}") = "Microsoft.MixedReality.Toolkit.Services.InputSimulation", "C:\Users\16102434\Source\Repos\Solvers\MTTXAML\GeneratedProjects\UWP\Microsoft.MixedReality.Toolkit.Services.InputSimulation\Microsoft.MixedReality.Toolkit.Services.InputSimulation.csproj", "{2895585E-7235-4B57-B4F5-8B51CA5EC438}"
EndProject
Project("{FAE04EC0-301F-11D3-BF4B-00C04F79EFBC}") = "Microsoft.MixedReality.Toolkit.Providers.UnityAR", "C:\Users\16102434\Source\Repos\Solvers\MTTXAML\GeneratedProjects\UWP\Microsoft.MixedReality.Toolkit.Providers.UnityAR\Microsoft.MixedReality.Toolkit.Providers.UnityAR.csproj", "{B3CD8F46-0691-45D7-82D1-A05A3D9FDE6B}"
EndProject
Project("{FAE04EC0-301F-11D3-BF4B-00C04F79EFBC}") = "Microsoft.MixedReality.Toolkit.Services.InputAnimation", "C:\Users\16102434\Source\Repos\Solvers\MTTXAML\GeneratedProjects\UWP\Microsoft.MixedReality.Toolkit.Services.InputAnimation\Microsoft.MixedReality.Toolkit.Services.InputAnimation.csproj", "{8E7BC63D-423A-46BE-A01D-7792A2C1B39E}"
EndProject
Project("{FAE04EC0-301F-11D3-BF4B-00C04F79EFBC}") = "Microsoft.MixedReality.Toolkit.Providers.WindowsVoiceInput", "C:\Users\16102434\Source\Repos\Solvers\MTTXAML\GeneratedProjects\UWP\Microsoft.MixedReality.Toolkit.Providers.WindowsVoiceInput\Microsoft.MixedReality.Toolkit.Providers.WindowsVoiceInput.csproj", "{8A148A39-1A76-471A-9837-B652D8CEB4E9}"
EndProject
Project("{FAE04EC0-301F-11D3-BF4B-00C04F79EFBC}") = "Microsoft.MixedReality.Toolkit.Services.DiagnosticsSystem", "C:\Users\16102434\Source\Repos\Solvers\MTTXAML\GeneratedProjects\UWP\Microsoft.MixedReality.Toolkit.Services.DiagnosticsSystem\Microsoft.MixedReality.Toolkit.Services.DiagnosticsSystem.csproj", "{9A0549D7-6563-4913-9B66-65E91CD55352}"
EndProject
Project("{FAE04EC0-301F-11D3-BF4B-00C04F79EFBC}") = "Microsoft.MixedReality.Toolkit.Async", "C:\Users\16102434\Source\Repos\Solvers\MTTXAML\GeneratedProjects\UWP\Microsoft.MixedReality.Toolkit.Async\Microsoft.MixedReality.Toolkit.Async.csproj", "{F9F83A17-1E5C-4E2C-BB41-A599EBD2FD64}"
EndProject
Project("{FAE04EC0-301F-11D3-BF4B-00C04F79EFBC}") = "Microsoft.MixedReality.Toolkit.Providers.WindowsMixedReality", "C:\Users\16102434\Source\Repos\Solvers\MTTXAML\GeneratedProjects\UWP\Microsoft.MixedReality.Toolkit.Providers.WindowsMixedReality\Microsoft.MixedReality.Toolkit.Providers.WindowsMixedReality.csproj", "{BAE6A064-33FC-465F-B350-28040C0D7AE5}"
EndProject
Project("{FAE04EC0-301F-11D3-BF4B-00C04F79EFBC}") = "Microsoft.MixedReality.Toolkit.Providers.WindowsMixedReality.Shared", "C:\Users\16102434\Source\Repos\Solvers\MTTXAML\GeneratedProjects\UWP\Microsoft.MixedReality.Toolkit.Providers.WindowsMixedReality.Shared\Microsoft.MixedReality.Toolkit.Providers.WindowsMixedReality.Shared.csproj", "{654E186C-C142-4588-AA8A-E5899565E512}"
EndProject
Project("{FAE04EC0-301F-11D3-BF4B-00C04F79EFBC}") = "Microsoft.MixedReality.Toolkit.Services.TeleportSystem", "C:\Users\16102434\Source\Repos\Solvers\MTTXAML\GeneratedProjects\UWP\Microsoft.MixedReality.Toolkit.Services.TeleportSystem\Microsoft.MixedReality.Toolkit.Services.TeleportSystem.csproj", "{A9792F2E-5AA4-407E-8D3D-2161D31BF189}"
EndProject
Project("{FAE04EC0-301F-11D3-BF4B-00C04F79EFBC}") = "Microsoft.MixedReality.Toolkit.Services.CameraSystem", "C:\Users\16102434\Source\Repos\Solvers\MTTXAML\GeneratedProjects\UWP\Microsoft.MixedReality.Toolkit.Services.CameraSystem\Microsoft.MixedReality.Toolkit.Services.CameraSystem.csproj", "{38568053-EFA9-497C-8410-2B74E0F990D5}"
EndProject
Project("{FAE04EC0-301F-11D3-BF4B-00C04F79EFBC}") = "Microsoft.MixedReality.Toolkit.Services.BoundarySystem", "C:\Users\16102434\Source\Repos\Solvers\MTTXAML\GeneratedProjects\UWP\Microsoft.MixedReality.Toolkit.Services.BoundarySystem\Microsoft.MixedReality.Toolkit.Services.BoundarySystem.csproj", "{604F7DFE-5CC3-4286-BA85-71B65148989A}"
EndProject
Project("{FAE04EC0-301F-11D3-BF4B-00C04F79EFBC}") = "Unity.XR.WindowsMR", "C:\Users\16102434\Source\Repos\Solvers\MTTXAML\GeneratedProjects\UWP\Unity.XR.WindowsMR\Unity.XR.WindowsMR.csproj", "{E013BE70-EF73-4238-A55D-65D11432515E}"
EndProject
Global
	GlobalSection(SolutionConfigurationPlatforms) = preSolution
		Debug|ARM = Debug|ARM
		Debug|x64 = Debug|x64
		Debug|x86 = Debug|x86
		Master|ARM = Master|ARM
		Master|x64 = Master|x64
		Master|x86 = Master|x86
		Release|ARM = Release|ARM
		Release|x64 = Release|x64
		Release|x86 = Release|x86
	EndGlobalSection
	GlobalSection(ProjectConfigurationPlatforms) = postSolution
		{13A45C13-3265-47B8-BC48-A553B569DF55}.Debug|ARM.ActiveCfg = Debug|ARM
		{13A45C13-3265-47B8-BC48-A553B569DF55}.Debug|ARM.Build.0 = Debug|ARM
		{13A45C13-3265-47B8-BC48-A553B569DF55}.Debug|ARM.Deploy.0 = Debug|ARM
		{13A45C13-3265-47B8-BC48-A553B569DF55}.Debug|x64.ActiveCfg = Debug|x64
		{13A45C13-3265-47B8-BC48-A553B569DF55}.Debug|x64.Build.0 = Debug|x64
		{13A45C13-3265-47B8-BC48-A553B569DF55}.Debug|x64.Deploy.0 = Debug|x64
		{13A45C13-3265-47B8-BC48-A553B569DF55}.Debug|x86.ActiveCfg = Debug|x86
		{13A45C13-3265-47B8-BC48-A553B569DF55}.Debug|x86.Build.0 = Debug|x86
		{13A45C13-3265-47B8-BC48-A553B569DF55}.Debug|x86.Deploy.0 = Debug|x86
		{13A45C13-3265-47B8-BC48-A553B569DF55}.Master|ARM.ActiveCfg = Master|ARM
		{13A45C13-3265-47B8-BC48-A553B569DF55}.Master|ARM.Build.0 = Master|ARM
		{13A45C13-3265-47B8-BC48-A553B569DF55}.Master|ARM.Deploy.0 = Master|ARM
		{13A45C13-3265-47B8-BC48-A553B569DF55}.Master|x64.ActiveCfg = Master|x64
		{13A45C13-3265-47B8-BC48-A553B569DF55}.Master|x64.Build.0 = Master|x64
		{13A45C13-3265-47B8-BC48-A553B569DF55}.Master|x64.Deploy.0 = Master|x64
		{13A45C13-3265-47B8-BC48-A553B569DF55}.Master|x86.ActiveCfg = Master|x86
		{13A45C13-3265-47B8-BC48-A553B569DF55}.Master|x86.Build.0 = Master|x86
		{13A45C13-3265-47B8-BC48-A553B569DF55}.Master|x86.Deploy.0 = Master|x86
		{13A45C13-3265-47B8-BC48-A553B569DF55}.Release|ARM.ActiveCfg = Release|ARM
		{13A45C13-3265-47B8-BC48-A553B569DF55}.Release|ARM.Build.0 = Release|ARM
		{13A45C13-3265-47B8-BC48-A553B569DF55}.Release|ARM.Deploy.0 = Release|ARM
		{13A45C13-3265-47B8-BC48-A553B569DF55}.Release|x64.ActiveCfg = Release|x64
		{13A45C13-3265-47B8-BC48-A553B569DF55}.Release|x64.Build.0 = Release|x64
		{13A45C13-3265-47B8-BC48-A553B569DF55}.Release|x64.Deploy.0 = Release|x64
		{13A45C13-3265-47B8-BC48-A553B569DF55}.Release|x86.ActiveCfg = Release|x86
		{13A45C13-3265-47B8-BC48-A553B569DF55}.Release|x86.Build.0 = Release|x86
		{13A45C13-3265-47B8-BC48-A553B569DF55}.Release|x86.Deploy.0 = Release|x86
		{7942CC7B-9569-46CF-BEA8-BDD30A91995E}.Debug|ARM.ActiveCfg = Debug|ARM
		{7942CC7B-9569-46CF-BEA8-BDD30A91995E}.Debug|ARM.Build.0 = Debug|ARM
		{7942CC7B-9569-46CF-BEA8-BDD30A91995E}.Debug|x64.ActiveCfg = Debug|x64
		{7942CC7B-9569-46CF-BEA8-BDD30A91995E}.Debug|x64.Build.0 = Debug|x64
		{7942CC7B-9569-46CF-BEA8-BDD30A91995E}.Debug|x86.ActiveCfg = Debug|x86
		{7942CC7B-9569-46CF-BEA8-BDD30A91995E}.Debug|x86.Build.0 = Debug|x86
		{7942CC7B-9569-46CF-BEA8-BDD30A91995E}.Master|ARM.ActiveCfg = Master|ARM
		{7942CC7B-9569-46CF-BEA8-BDD30A91995E}.Master|ARM.Build.0 = Master|ARM
		{7942CC7B-9569-46CF-BEA8-BDD30A91995E}.Master|x64.ActiveCfg = Master|x64
		{7942CC7B-9569-46CF-BEA8-BDD30A91995E}.Master|x64.Build.0 = Master|x64
		{7942CC7B-9569-46CF-BEA8-BDD30A91995E}.Master|x86.ActiveCfg = Master|x86
		{7942CC7B-9569-46CF-BEA8-BDD30A91995E}.Master|x86.Build.0 = Master|x86
		{7942CC7B-9569-46CF-BEA8-BDD30A91995E}.Release|ARM.ActiveCfg = Release|ARM
		{7942CC7B-9569-46CF-BEA8-BDD30A91995E}.Release|ARM.Build.0 = Release|ARM
		{7942CC7B-9569-46CF-BEA8-BDD30A91995E}.Release|x64.ActiveCfg = Release|x64
		{7942CC7B-9569-46CF-BEA8-BDD30A91995E}.Release|x64.Build.0 = Release|x64
		{7942CC7B-9569-46CF-BEA8-BDD30A91995E}.Release|x86.ActiveCfg = Release|x86
		{7942CC7B-9569-46CF-BEA8-BDD30A91995E}.Release|x86.Build.0 = Release|x86
		{51BBBA40-F8EF-4641-91A7-FA2F7CBBAB05}.Debug|ARM.ActiveCfg = Debug|ARM
		{51BBBA40-F8EF-4641-91A7-FA2F7CBBAB05}.Debug|ARM.Build.0 = Debug|ARM
		{51BBBA40-F8EF-4641-91A7-FA2F7CBBAB05}.Debug|x64.ActiveCfg = Debug|x64
		{51BBBA40-F8EF-4641-91A7-FA2F7CBBAB05}.Debug|x64.Build.0 = Debug|x64
		{51BBBA40-F8EF-4641-91A7-FA2F7CBBAB05}.Debug|x86.ActiveCfg = Debug|x86
		{51BBBA40-F8EF-4641-91A7-FA2F7CBBAB05}.Debug|x86.Build.0 = Debug|x86
		{51BBBA40-F8EF-4641-91A7-FA2F7CBBAB05}.Master|ARM.ActiveCfg = Master|ARM
		{51BBBA40-F8EF-4641-91A7-FA2F7CBBAB05}.Master|ARM.Build.0 = Master|ARM
		{51BBBA40-F8EF-4641-91A7-FA2F7CBBAB05}.Master|x64.ActiveCfg = Master|x64
		{51BBBA40-F8EF-4641-91A7-FA2F7CBBAB05}.Master|x64.Build.0 = Master|x64
		{51BBBA40-F8EF-4641-91A7-FA2F7CBBAB05}.Master|x86.ActiveCfg = Master|x86
		{51BBBA40-F8EF-4641-91A7-FA2F7CBBAB05}.Master|x86.Build.0 = Master|x86
		{51BBBA40-F8EF-4641-91A7-FA2F7CBBAB05}.Release|ARM.ActiveCfg = Release|ARM
		{51BBBA40-F8EF-4641-91A7-FA2F7CBBAB05}.Release|ARM.Build.0 = Release|ARM
		{51BBBA40-F8EF-4641-91A7-FA2F7CBBAB05}.Release|x64.ActiveCfg = Release|x64
		{51BBBA40-F8EF-4641-91A7-FA2F7CBBAB05}.Release|x64.Build.0 = Release|x64
		{51BBBA40-F8EF-4641-91A7-FA2F7CBBAB05}.Release|x86.ActiveCfg = Release|x86
		{51BBBA40-F8EF-4641-91A7-FA2F7CBBAB05}.Release|x86.Build.0 = Release|x86
		{C9294489-B25E-4EFB-8150-92E50FD0CAA7}.Debug|ARM.ActiveCfg = Debug|ARM
		{C9294489-B25E-4EFB-8150-92E50FD0CAA7}.Debug|ARM.Build.0 = Debug|ARM
		{C9294489-B25E-4EFB-8150-92E50FD0CAA7}.Debug|x64.ActiveCfg = Debug|x64
		{C9294489-B25E-4EFB-8150-92E50FD0CAA7}.Debug|x64.Build.0 = Debug|x64
		{C9294489-B25E-4EFB-8150-92E50FD0CAA7}.Debug|x86.ActiveCfg = Debug|x86
		{C9294489-B25E-4EFB-8150-92E50FD0CAA7}.Debug|x86.Build.0 = Debug|x86
		{C9294489-B25E-4EFB-8150-92E50FD0CAA7}.Master|ARM.ActiveCfg = Master|ARM
		{C9294489-B25E-4EFB-8150-92E50FD0CAA7}.Master|ARM.Build.0 = Master|ARM
		{C9294489-B25E-4EFB-8150-92E50FD0CAA7}.Master|x64.ActiveCfg = Master|x64
		{C9294489-B25E-4EFB-8150-92E50FD0CAA7}.Master|x64.Build.0 = Master|x64
		{C9294489-B25E-4EFB-8150-92E50FD0CAA7}.Master|x86.ActiveCfg = Master|x86
		{C9294489-B25E-4EFB-8150-92E50FD0CAA7}.Master|x86.Build.0 = Master|x86
		{C9294489-B25E-4EFB-8150-92E50FD0CAA7}.Release|ARM.ActiveCfg = Release|ARM
		{C9294489-B25E-4EFB-8150-92E50FD0CAA7}.Release|ARM.Build.0 = Release|ARM
		{C9294489-B25E-4EFB-8150-92E50FD0CAA7}.Release|x64.ActiveCfg = Release|x64
		{C9294489-B25E-4EFB-8150-92E50FD0CAA7}.Release|x64.Build.0 = Release|x64
		{C9294489-B25E-4EFB-8150-92E50FD0CAA7}.Release|x86.ActiveCfg = Release|x86
		{C9294489-B25E-4EFB-8150-92E50FD0CAA7}.Release|x86.Build.0 = Release|x86
		{4B3B9F9D-4700-4436-B262-826F7FAA267B}.Debug|ARM.ActiveCfg = Debug|ARM
		{4B3B9F9D-4700-4436-B262-826F7FAA267B}.Debug|ARM.Build.0 = Debug|ARM
		{4B3B9F9D-4700-4436-B262-826F7FAA267B}.Debug|x64.ActiveCfg = Debug|x64
		{4B3B9F9D-4700-4436-B262-826F7FAA267B}.Debug|x64.Build.0 = Debug|x64
		{4B3B9F9D-4700-4436-B262-826F7FAA267B}.Debug|x86.ActiveCfg = Debug|x86
		{4B3B9F9D-4700-4436-B262-826F7FAA267B}.Debug|x86.Build.0 = Debug|x86
		{4B3B9F9D-4700-4436-B262-826F7FAA267B}.Master|ARM.ActiveCfg = Master|ARM
		{4B3B9F9D-4700-4436-B262-826F7FAA267B}.Master|ARM.Build.0 = Master|ARM
		{4B3B9F9D-4700-4436-B262-826F7FAA267B}.Master|x64.ActiveCfg = Master|x64
		{4B3B9F9D-4700-4436-B262-826F7FAA267B}.Master|x64.Build.0 = Master|x64
		{4B3B9F9D-4700-4436-B262-826F7FAA267B}.Master|x86.ActiveCfg = Master|x86
		{4B3B9F9D-4700-4436-B262-826F7FAA267B}.Master|x86.Build.0 = Master|x86
		{4B3B9F9D-4700-4436-B262-826F7FAA267B}.Release|ARM.ActiveCfg = Release|ARM
		{4B3B9F9D-4700-4436-B262-826F7FAA267B}.Release|ARM.Build.0 = Release|ARM
		{4B3B9F9D-4700-4436-B262-826F7FAA267B}.Release|x64.ActiveCfg = Release|x64
		{4B3B9F9D-4700-4436-B262-826F7FAA267B}.Release|x64.Build.0 = Release|x64
		{4B3B9F9D-4700-4436-B262-826F7FAA267B}.Release|x86.ActiveCfg = Release|x86
		{4B3B9F9D-4700-4436-B262-826F7FAA267B}.Release|x86.Build.0 = Release|x86
		{BDA75F95-0A6A-4DD0-A553-FD4AE83A79BC}.Debug|ARM.ActiveCfg = Debug|ARM
		{BDA75F95-0A6A-4DD0-A553-FD4AE83A79BC}.Debug|ARM.Build.0 = Debug|ARM
		{BDA75F95-0A6A-4DD0-A553-FD4AE83A79BC}.Debug|x64.ActiveCfg = Debug|x64
		{BDA75F95-0A6A-4DD0-A553-FD4AE83A79BC}.Debug|x64.Build.0 = Debug|x64
		{BDA75F95-0A6A-4DD0-A553-FD4AE83A79BC}.Debug|x86.ActiveCfg = Debug|x86
		{BDA75F95-0A6A-4DD0-A553-FD4AE83A79BC}.Debug|x86.Build.0 = Debug|x86
		{BDA75F95-0A6A-4DD0-A553-FD4AE83A79BC}.Master|ARM.ActiveCfg = Master|ARM
		{BDA75F95-0A6A-4DD0-A553-FD4AE83A79BC}.Master|ARM.Build.0 = Master|ARM
		{BDA75F95-0A6A-4DD0-A553-FD4AE83A79BC}.Master|x64.ActiveCfg = Master|x64
		{BDA75F95-0A6A-4DD0-A553-FD4AE83A79BC}.Master|x64.Build.0 = Master|x64
		{BDA75F95-0A6A-4DD0-A553-FD4AE83A79BC}.Master|x86.ActiveCfg = Master|x86
		{BDA75F95-0A6A-4DD0-A553-FD4AE83A79BC}.Master|x86.Build.0 = Master|x86
		{BDA75F95-0A6A-4DD0-A553-FD4AE83A79BC}.Release|ARM.ActiveCfg = Release|ARM
		{BDA75F95-0A6A-4DD0-A553-FD4AE83A79BC}.Release|ARM.Build.0 = Release|ARM
		{BDA75F95-0A6A-4DD0-A553-FD4AE83A79BC}.Release|x64.ActiveCfg = Release|x64
		{BDA75F95-0A6A-4DD0-A553-FD4AE83A79BC}.Release|x64.Build.0 = Release|x64
		{BDA75F95-0A6A-4DD0-A553-FD4AE83A79BC}.Release|x86.ActiveCfg = Release|x86
		{BDA75F95-0A6A-4DD0-A553-FD4AE83A79BC}.Release|x86.Build.0 = Release|x86
		{A251111C-736E-461E-B348-B9580AFFB8F6}.Debug|ARM.ActiveCfg = Debug|ARM
		{A251111C-736E-461E-B348-B9580AFFB8F6}.Debug|ARM.Build.0 = Debug|ARM
		{A251111C-736E-461E-B348-B9580AFFB8F6}.Debug|x64.ActiveCfg = Debug|x64
		{A251111C-736E-461E-B348-B9580AFFB8F6}.Debug|x64.Build.0 = Debug|x64
		{A251111C-736E-461E-B348-B9580AFFB8F6}.Debug|x86.ActiveCfg = Debug|x86
		{A251111C-736E-461E-B348-B9580AFFB8F6}.Debug|x86.Build.0 = Debug|x86
		{A251111C-736E-461E-B348-B9580AFFB8F6}.Master|ARM.ActiveCfg = Master|ARM
		{A251111C-736E-461E-B348-B9580AFFB8F6}.Master|ARM.Build.0 = Master|ARM
		{A251111C-736E-461E-B348-B9580AFFB8F6}.Master|x64.ActiveCfg = Master|x64
		{A251111C-736E-461E-B348-B9580AFFB8F6}.Master|x64.Build.0 = Master|x64
		{A251111C-736E-461E-B348-B9580AFFB8F6}.Master|x86.ActiveCfg = Master|x86
		{A251111C-736E-461E-B348-B9580AFFB8F6}.Master|x86.Build.0 = Master|x86
		{A251111C-736E-461E-B348-B9580AFFB8F6}.Release|ARM.ActiveCfg = Release|ARM
		{A251111C-736E-461E-B348-B9580AFFB8F6}.Release|ARM.Build.0 = Release|ARM
		{A251111C-736E-461E-B348-B9580AFFB8F6}.Release|x64.ActiveCfg = Release|x64
		{A251111C-736E-461E-B348-B9580AFFB8F6}.Release|x64.Build.0 = Release|x64
		{A251111C-736E-461E-B348-B9580AFFB8F6}.Release|x86.ActiveCfg = Release|x86
		{A251111C-736E-461E-B348-B9580AFFB8F6}.Release|x86.Build.0 = Release|x86
		{9F12FD87-3B80-487B-98DA-29DD644635A8}.Debug|ARM.ActiveCfg = Debug|ARM
		{9F12FD87-3B80-487B-98DA-29DD644635A8}.Debug|ARM.Build.0 = Debug|ARM
		{9F12FD87-3B80-487B-98DA-29DD644635A8}.Debug|x64.ActiveCfg = Debug|x64
		{9F12FD87-3B80-487B-98DA-29DD644635A8}.Debug|x64.Build.0 = Debug|x64
		{9F12FD87-3B80-487B-98DA-29DD644635A8}.Debug|x86.ActiveCfg = Debug|x86
		{9F12FD87-3B80-487B-98DA-29DD644635A8}.Debug|x86.Build.0 = Debug|x86
		{9F12FD87-3B80-487B-98DA-29DD644635A8}.Master|ARM.ActiveCfg = Master|ARM
		{9F12FD87-3B80-487B-98DA-29DD644635A8}.Master|ARM.Build.0 = Master|ARM
		{9F12FD87-3B80-487B-98DA-29DD644635A8}.Master|x64.ActiveCfg = Master|x64
		{9F12FD87-3B80-487B-98DA-29DD644635A8}.Master|x64.Build.0 = Master|x64
		{9F12FD87-3B80-487B-98DA-29DD644635A8}.Master|x86.ActiveCfg = Master|x86
		{9F12FD87-3B80-487B-98DA-29DD644635A8}.Master|x86.Build.0 = Master|x86
		{9F12FD87-3B80-487B-98DA-29DD644635A8}.Release|ARM.ActiveCfg = Release|ARM
		{9F12FD87-3B80-487B-98DA-29DD644635A8}.Release|ARM.Build.0 = Release|ARM
		{9F12FD87-3B80-487B-98DA-29DD644635A8}.Release|x64.ActiveCfg = Release|x64
		{9F12FD87-3B80-487B-98DA-29DD644635A8}.Release|x64.Build.0 = Release|x64
		{9F12FD87-3B80-487B-98DA-29DD644635A8}.Release|x86.ActiveCfg = Release|x86
		{9F12FD87-3B80-487B-98DA-29DD644635A8}.Release|x86.Build.0 = Release|x86
		{FF1450CF-7FAB-43CC-BF4B-5822CF9C8101}.Debug|ARM.ActiveCfg = Debug|ARM
		{FF1450CF-7FAB-43CC-BF4B-5822CF9C8101}.Debug|ARM.Build.0 = Debug|ARM
		{FF1450CF-7FAB-43CC-BF4B-5822CF9C8101}.Debug|x64.ActiveCfg = Debug|x64
		{FF1450CF-7FAB-43CC-BF4B-5822CF9C8101}.Debug|x64.Build.0 = Debug|x64
		{FF1450CF-7FAB-43CC-BF4B-5822CF9C8101}.Debug|x86.ActiveCfg = Debug|x86
		{FF1450CF-7FAB-43CC-BF4B-5822CF9C8101}.Debug|x86.Build.0 = Debug|x86
		{FF1450CF-7FAB-43CC-BF4B-5822CF9C8101}.Master|ARM.ActiveCfg = Master|ARM
		{FF1450CF-7FAB-43CC-BF4B-5822CF9C8101}.Master|ARM.Build.0 = Master|ARM
		{FF1450CF-7FAB-43CC-BF4B-5822CF9C8101}.Master|x64.ActiveCfg = Master|x64
		{FF1450CF-7FAB-43CC-BF4B-5822CF9C8101}.Master|x64.Build.0 = Master|x64
		{FF1450CF-7FAB-43CC-BF4B-5822CF9C8101}.Master|x86.ActiveCfg = Master|x86
		{FF1450CF-7FAB-43CC-BF4B-5822CF9C8101}.Master|x86.Build.0 = Master|x86
		{FF1450CF-7FAB-43CC-BF4B-5822CF9C8101}.Release|ARM.ActiveCfg = Release|ARM
		{FF1450CF-7FAB-43CC-BF4B-5822CF9C8101}.Release|ARM.Build.0 = Release|ARM
		{FF1450CF-7FAB-43CC-BF4B-5822CF9C8101}.Release|x64.ActiveCfg = Release|x64
		{FF1450CF-7FAB-43CC-BF4B-5822CF9C8101}.Release|x64.Build.0 = Release|x64
		{FF1450CF-7FAB-43CC-BF4B-5822CF9C8101}.Release|x86.ActiveCfg = Release|x86
		{FF1450CF-7FAB-43CC-BF4B-5822CF9C8101}.Release|x86.Build.0 = Release|x86
		{3150C317-26B1-4EBF-86CA-B9738D933B2A}.Debug|ARM.ActiveCfg = Debug|ARM
		{3150C317-26B1-4EBF-86CA-B9738D933B2A}.Debug|ARM.Build.0 = Debug|ARM
		{3150C317-26B1-4EBF-86CA-B9738D933B2A}.Debug|x64.ActiveCfg = Debug|x64
		{3150C317-26B1-4EBF-86CA-B9738D933B2A}.Debug|x64.Build.0 = Debug|x64
		{3150C317-26B1-4EBF-86CA-B9738D933B2A}.Debug|x86.ActiveCfg = Debug|x86
		{3150C317-26B1-4EBF-86CA-B9738D933B2A}.Debug|x86.Build.0 = Debug|x86
		{3150C317-26B1-4EBF-86CA-B9738D933B2A}.Master|ARM.ActiveCfg = Master|ARM
		{3150C317-26B1-4EBF-86CA-B9738D933B2A}.Master|ARM.Build.0 = Master|ARM
		{3150C317-26B1-4EBF-86CA-B9738D933B2A}.Master|x64.ActiveCfg = Master|x64
		{3150C317-26B1-4EBF-86CA-B9738D933B2A}.Master|x64.Build.0 = Master|x64
		{3150C317-26B1-4EBF-86CA-B9738D933B2A}.Master|x86.ActiveCfg = Master|x86
		{3150C317-26B1-4EBF-86CA-B9738D933B2A}.Master|x86.Build.0 = Master|x86
		{3150C317-26B1-4EBF-86CA-B9738D933B2A}.Release|ARM.ActiveCfg = Release|ARM
		{3150C317-26B1-4EBF-86CA-B9738D933B2A}.Release|ARM.Build.0 = Release|ARM
		{3150C317-26B1-4EBF-86CA-B9738D933B2A}.Release|x64.ActiveCfg = Release|x64
		{3150C317-26B1-4EBF-86CA-B9738D933B2A}.Release|x64.Build.0 = Release|x64
		{3150C317-26B1-4EBF-86CA-B9738D933B2A}.Release|x86.ActiveCfg = Release|x86
		{3150C317-26B1-4EBF-86CA-B9738D933B2A}.Release|x86.Build.0 = Release|x86
		{73E8B0CC-17A1-4CC9-AAA0-2FF0C8264BE4}.Debug|ARM.ActiveCfg = Debug|ARM
		{73E8B0CC-17A1-4CC9-AAA0-2FF0C8264BE4}.Debug|ARM.Build.0 = Debug|ARM
		{73E8B0CC-17A1-4CC9-AAA0-2FF0C8264BE4}.Debug|x64.ActiveCfg = Debug|x64
		{73E8B0CC-17A1-4CC9-AAA0-2FF0C8264BE4}.Debug|x64.Build.0 = Debug|x64
		{73E8B0CC-17A1-4CC9-AAA0-2FF0C8264BE4}.Debug|x86.ActiveCfg = Debug|x86
		{73E8B0CC-17A1-4CC9-AAA0-2FF0C8264BE4}.Debug|x86.Build.0 = Debug|x86
		{73E8B0CC-17A1-4CC9-AAA0-2FF0C8264BE4}.Master|ARM.ActiveCfg = Master|ARM
		{73E8B0CC-17A1-4CC9-AAA0-2FF0C8264BE4}.Master|ARM.Build.0 = Master|ARM
		{73E8B0CC-17A1-4CC9-AAA0-2FF0C8264BE4}.Master|x64.ActiveCfg = Master|x64
		{73E8B0CC-17A1-4CC9-AAA0-2FF0C8264BE4}.Master|x64.Build.0 = Master|x64
		{73E8B0CC-17A1-4CC9-AAA0-2FF0C8264BE4}.Master|x86.ActiveCfg = Master|x86
		{73E8B0CC-17A1-4CC9-AAA0-2FF0C8264BE4}.Master|x86.Build.0 = Master|x86
		{73E8B0CC-17A1-4CC9-AAA0-2FF0C8264BE4}.Release|ARM.ActiveCfg = Release|ARM
		{73E8B0CC-17A1-4CC9-AAA0-2FF0C8264BE4}.Release|ARM.Build.0 = Release|ARM
		{73E8B0CC-17A1-4CC9-AAA0-2FF0C8264BE4}.Release|x64.ActiveCfg = Release|x64
		{73E8B0CC-17A1-4CC9-AAA0-2FF0C8264BE4}.Release|x64.Build.0 = Release|x64
		{73E8B0CC-17A1-4CC9-AAA0-2FF0C8264BE4}.Release|x86.ActiveCfg = Release|x86
		{73E8B0CC-17A1-4CC9-AAA0-2FF0C8264BE4}.Release|x86.Build.0 = Release|x86
		{2895585E-7235-4B57-B4F5-8B51CA5EC438}.Debug|ARM.ActiveCfg = Debug|ARM
		{2895585E-7235-4B57-B4F5-8B51CA5EC438}.Debug|ARM.Build.0 = Debug|ARM
		{2895585E-7235-4B57-B4F5-8B51CA5EC438}.Debug|x64.ActiveCfg = Debug|x64
		{2895585E-7235-4B57-B4F5-8B51CA5EC438}.Debug|x64.Build.0 = Debug|x64
		{2895585E-7235-4B57-B4F5-8B51CA5EC438}.Debug|x86.ActiveCfg = Debug|x86
		{2895585E-7235-4B57-B4F5-8B51CA5EC438}.Debug|x86.Build.0 = Debug|x86
		{2895585E-7235-4B57-B4F5-8B51CA5EC438}.Master|ARM.ActiveCfg = Master|ARM
		{2895585E-7235-4B57-B4F5-8B51CA5EC438}.Master|ARM.Build.0 = Master|ARM
		{2895585E-7235-4B57-B4F5-8B51CA5EC438}.Master|x64.ActiveCfg = Master|x64
		{2895585E-7235-4B57-B4F5-8B51CA5EC438}.Master|x64.Build.0 = Master|x64
		{2895585E-7235-4B57-B4F5-8B51CA5EC438}.Master|x86.ActiveCfg = Master|x86
		{2895585E-7235-4B57-B4F5-8B51CA5EC438}.Master|x86.Build.0 = Master|x86
		{2895585E-7235-4B57-B4F5-8B51CA5EC438}.Release|ARM.ActiveCfg = Release|ARM
		{2895585E-7235-4B57-B4F5-8B51CA5EC438}.Release|ARM.Build.0 = Release|ARM
		{2895585E-7235-4B57-B4F5-8B51CA5EC438}.Release|x64.ActiveCfg = Release|x64
		{2895585E-7235-4B57-B4F5-8B51CA5EC438}.Release|x64.Build.0 = Release|x64
		{2895585E-7235-4B57-B4F5-8B51CA5EC438}.Release|x86.ActiveCfg = Release|x86
		{2895585E-7235-4B57-B4F5-8B51CA5EC438}.Release|x86.Build.0 = Release|x86
		{B3CD8F46-0691-45D7-82D1-A05A3D9FDE6B}.Debug|ARM.ActiveCfg = Debug|ARM
		{B3CD8F46-0691-45D7-82D1-A05A3D9FDE6B}.Debug|ARM.Build.0 = Debug|ARM
		{B3CD8F46-0691-45D7-82D1-A05A3D9FDE6B}.Debug|x64.ActiveCfg = Debug|x64
		{B3CD8F46-0691-45D7-82D1-A05A3D9FDE6B}.Debug|x64.Build.0 = Debug|x64
		{B3CD8F46-0691-45D7-82D1-A05A3D9FDE6B}.Debug|x86.ActiveCfg = Debug|x86
		{B3CD8F46-0691-45D7-82D1-A05A3D9FDE6B}.Debug|x86.Build.0 = Debug|x86
		{B3CD8F46-0691-45D7-82D1-A05A3D9FDE6B}.Master|ARM.ActiveCfg = Master|ARM
		{B3CD8F46-0691-45D7-82D1-A05A3D9FDE6B}.Master|ARM.Build.0 = Master|ARM
		{B3CD8F46-0691-45D7-82D1-A05A3D9FDE6B}.Master|x64.ActiveCfg = Master|x64
		{B3CD8F46-0691-45D7-82D1-A05A3D9FDE6B}.Master|x64.Build.0 = Master|x64
		{B3CD8F46-0691-45D7-82D1-A05A3D9FDE6B}.Master|x86.ActiveCfg = Master|x86
		{B3CD8F46-0691-45D7-82D1-A05A3D9FDE6B}.Master|x86.Build.0 = Master|x86
		{B3CD8F46-0691-45D7-82D1-A05A3D9FDE6B}.Release|ARM.ActiveCfg = Release|ARM
		{B3CD8F46-0691-45D7-82D1-A05A3D9FDE6B}.Release|ARM.Build.0 = Release|ARM
		{B3CD8F46-0691-45D7-82D1-A05A3D9FDE6B}.Release|x64.ActiveCfg = Release|x64
		{B3CD8F46-0691-45D7-82D1-A05A3D9FDE6B}.Release|x64.Build.0 = Release|x64
		{B3CD8F46-0691-45D7-82D1-A05A3D9FDE6B}.Release|x86.ActiveCfg = Release|x86
		{B3CD8F46-0691-45D7-82D1-A05A3D9FDE6B}.Release|x86.Build.0 = Release|x86
		{8E7BC63D-423A-46BE-A01D-7792A2C1B39E}.Debug|ARM.ActiveCfg = Debug|ARM
		{8E7BC63D-423A-46BE-A01D-7792A2C1B39E}.Debug|ARM.Build.0 = Debug|ARM
		{8E7BC63D-423A-46BE-A01D-7792A2C1B39E}.Debug|x64.ActiveCfg = Debug|x64
		{8E7BC63D-423A-46BE-A01D-7792A2C1B39E}.Debug|x64.Build.0 = Debug|x64
		{8E7BC63D-423A-46BE-A01D-7792A2C1B39E}.Debug|x86.ActiveCfg = Debug|x86
		{8E7BC63D-423A-46BE-A01D-7792A2C1B39E}.Debug|x86.Build.0 = Debug|x86
		{8E7BC63D-423A-46BE-A01D-7792A2C1B39E}.Master|ARM.ActiveCfg = Master|ARM
		{8E7BC63D-423A-46BE-A01D-7792A2C1B39E}.Master|ARM.Build.0 = Master|ARM
		{8E7BC63D-423A-46BE-A01D-7792A2C1B39E}.Master|x64.ActiveCfg = Master|x64
		{8E7BC63D-423A-46BE-A01D-7792A2C1B39E}.Master|x64.Build.0 = Master|x64
		{8E7BC63D-423A-46BE-A01D-7792A2C1B39E}.Master|x86.ActiveCfg = Master|x86
		{8E7BC63D-423A-46BE-A01D-7792A2C1B39E}.Master|x86.Build.0 = Master|x86
		{8E7BC63D-423A-46BE-A01D-7792A2C1B39E}.Release|ARM.ActiveCfg = Release|ARM
		{8E7BC63D-423A-46BE-A01D-7792A2C1B39E}.Release|ARM.Build.0 = Release|ARM
		{8E7BC63D-423A-46BE-A01D-7792A2C1B39E}.Release|x64.ActiveCfg = Release|x64
		{8E7BC63D-423A-46BE-A01D-7792A2C1B39E}.Release|x64.Build.0 = Release|x64
		{8E7BC63D-423A-46BE-A01D-7792A2C1B39E}.Release|x86.ActiveCfg = Release|x86
		{8E7BC63D-423A-46BE-A01D-7792A2C1B39E}.Release|x86.Build.0 = Release|x86
		{8A148A39-1A76-471A-9837-B652D8CEB4E9}.Debug|ARM.ActiveCfg = Debug|ARM
		{8A148A39-1A76-471A-9837-B652D8CEB4E9}.Debug|ARM.Build.0 = Debug|ARM
		{8A148A39-1A76-471A-9837-B652D8CEB4E9}.Debug|x64.ActiveCfg = Debug|x64
		{8A148A39-1A76-471A-9837-B652D8CEB4E9}.Debug|x64.Build.0 = Debug|x64
		{8A148A39-1A76-471A-9837-B652D8CEB4E9}.Debug|x86.ActiveCfg = Debug|x86
		{8A148A39-1A76-471A-9837-B652D8CEB4E9}.Debug|x86.Build.0 = Debug|x86
		{8A148A39-1A76-471A-9837-B652D8CEB4E9}.Master|ARM.ActiveCfg = Master|ARM
		{8A148A39-1A76-471A-9837-B652D8CEB4E9}.Master|ARM.Build.0 = Master|ARM
		{8A148A39-1A76-471A-9837-B652D8CEB4E9}.Master|x64.ActiveCfg = Master|x64
		{8A148A39-1A76-471A-9837-B652D8CEB4E9}.Master|x64.Build.0 = Master|x64
		{8A148A39-1A76-471A-9837-B652D8CEB4E9}.Master|x86.ActiveCfg = Master|x86
		{8A148A39-1A76-471A-9837-B652D8CEB4E9}.Master|x86.Build.0 = Master|x86
		{8A148A39-1A76-471A-9837-B652D8CEB4E9}.Release|ARM.ActiveCfg = Release|ARM
		{8A148A39-1A76-471A-9837-B652D8CEB4E9}.Release|ARM.Build.0 = Release|ARM
		{8A148A39-1A76-471A-9837-B652D8CEB4E9}.Release|x64.ActiveCfg = Release|x64
		{8A148A39-1A76-471A-9837-B652D8CEB4E9}.Release|x64.Build.0 = Release|x64
		{8A148A39-1A76-471A-9837-B652D8CEB4E9}.Release|x86.ActiveCfg = Release|x86
		{8A148A39-1A76-471A-9837-B652D8CEB4E9}.Release|x86.Build.0 = Release|x86
		{9A0549D7-6563-4913-9B66-65E91CD55352}.Debug|ARM.ActiveCfg = Debug|ARM
		{9A0549D7-6563-4913-9B66-65E91CD55352}.Debug|ARM.Build.0 = Debug|ARM
		{9A0549D7-6563-4913-9B66-65E91CD55352}.Debug|x64.ActiveCfg = Debug|x64
		{9A0549D7-6563-4913-9B66-65E91CD55352}.Debug|x64.Build.0 = Debug|x64
		{9A0549D7-6563-4913-9B66-65E91CD55352}.Debug|x86.ActiveCfg = Debug|x86
		{9A0549D7-6563-4913-9B66-65E91CD55352}.Debug|x86.Build.0 = Debug|x86
		{9A0549D7-6563-4913-9B66-65E91CD55352}.Master|ARM.ActiveCfg = Master|ARM
		{9A0549D7-6563-4913-9B66-65E91CD55352}.Master|ARM.Build.0 = Master|ARM
		{9A0549D7-6563-4913-9B66-65E91CD55352}.Master|x64.ActiveCfg = Master|x64
		{9A0549D7-6563-4913-9B66-65E91CD55352}.Master|x64.Build.0 = Master|x64
		{9A0549D7-6563-4913-9B66-65E91CD55352}.Master|x86.ActiveCfg = Master|x86
		{9A0549D7-6563-4913-9B66-65E91CD55352}.Master|x86.Build.0 = Master|x86
		{9A0549D7-6563-4913-9B66-65E91CD55352}.Release|ARM.ActiveCfg = Release|ARM
		{9A0549D7-6563-4913-9B66-65E91CD55352}.Release|ARM.Build.0 = Release|ARM
		{9A0549D7-6563-4913-9B66-65E91CD55352}.Release|x64.ActiveCfg = Release|x64
		{9A0549D7-6563-4913-9B66-65E91CD55352}.Release|x64.Build.0 = Release|x64
		{9A0549D7-6563-4913-9B66-65E91CD55352}.Release|x86.ActiveCfg = Release|x86
		{9A0549D7-6563-4913-9B66-65E91CD55352}.Release|x86.Build.0 = Release|x86
		{F9F83A17-1E5C-4E2C-BB41-A599EBD2FD64}.Debug|ARM.ActiveCfg = Debug|ARM
		{F9F83A17-1E5C-4E2C-BB41-A599EBD2FD64}.Debug|ARM.Build.0 = Debug|ARM
		{F9F83A17-1E5C-4E2C-BB41-A599EBD2FD64}.Debug|x64.ActiveCfg = Debug|x64
		{F9F83A17-1E5C-4E2C-BB41-A599EBD2FD64}.Debug|x64.Build.0 = Debug|x64
		{F9F83A17-1E5C-4E2C-BB41-A599EBD2FD64}.Debug|x86.ActiveCfg = Debug|x86
		{F9F83A17-1E5C-4E2C-BB41-A599EBD2FD64}.Debug|x86.Build.0 = Debug|x86
		{F9F83A17-1E5C-4E2C-BB41-A599EBD2FD64}.Master|ARM.ActiveCfg = Master|ARM
		{F9F83A17-1E5C-4E2C-BB41-A599EBD2FD64}.Master|ARM.Build.0 = Master|ARM
		{F9F83A17-1E5C-4E2C-BB41-A599EBD2FD64}.Master|x64.ActiveCfg = Master|x64
		{F9F83A17-1E5C-4E2C-BB41-A599EBD2FD64}.Master|x64.Build.0 = Master|x64
		{F9F83A17-1E5C-4E2C-BB41-A599EBD2FD64}.Master|x86.ActiveCfg = Master|x86
		{F9F83A17-1E5C-4E2C-BB41-A599EBD2FD64}.Master|x86.Build.0 = Master|x86
		{F9F83A17-1E5C-4E2C-BB41-A599EBD2FD64}.Release|ARM.ActiveCfg = Release|ARM
		{F9F83A17-1E5C-4E2C-BB41-A599EBD2FD64}.Release|ARM.Build.0 = Release|ARM
		{F9F83A17-1E5C-4E2C-BB41-A599EBD2FD64}.Release|x64.ActiveCfg = Release|x64
		{F9F83A17-1E5C-4E2C-BB41-A599EBD2FD64}.Release|x64.Build.0 = Release|x64
		{F9F83A17-1E5C-4E2C-BB41-A599EBD2FD64}.Release|x86.ActiveCfg = Release|x86
		{F9F83A17-1E5C-4E2C-BB41-A599EBD2FD64}.Release|x86.Build.0 = Release|x86
		{BAE6A064-33FC-465F-B350-28040C0D7AE5}.Debug|ARM.ActiveCfg = Debug|ARM
		{BAE6A064-33FC-465F-B350-28040C0D7AE5}.Debug|ARM.Build.0 = Debug|ARM
		{BAE6A064-33FC-465F-B350-28040C0D7AE5}.Debug|x64.ActiveCfg = Debug|x64
		{BAE6A064-33FC-465F-B350-28040C0D7AE5}.Debug|x64.Build.0 = Debug|x64
		{BAE6A064-33FC-465F-B350-28040C0D7AE5}.Debug|x86.ActiveCfg = Debug|x86
		{BAE6A064-33FC-465F-B350-28040C0D7AE5}.Debug|x86.Build.0 = Debug|x86
		{BAE6A064-33FC-465F-B350-28040C0D7AE5}.Master|ARM.ActiveCfg = Master|ARM
		{BAE6A064-33FC-465F-B350-28040C0D7AE5}.Master|ARM.Build.0 = Master|ARM
		{BAE6A064-33FC-465F-B350-28040C0D7AE5}.Master|x64.ActiveCfg = Master|x64
		{BAE6A064-33FC-465F-B350-28040C0D7AE5}.Master|x64.Build.0 = Master|x64
		{BAE6A064-33FC-465F-B350-28040C0D7AE5}.Master|x86.ActiveCfg = Master|x86
		{BAE6A064-33FC-465F-B350-28040C0D7AE5}.Master|x86.Build.0 = Master|x86
		{BAE6A064-33FC-465F-B350-28040C0D7AE5}.Release|ARM.ActiveCfg = Release|ARM
		{BAE6A064-33FC-465F-B350-28040C0D7AE5}.Release|ARM.Build.0 = Release|ARM
		{BAE6A064-33FC-465F-B350-28040C0D7AE5}.Release|x64.ActiveCfg = Release|x64
		{BAE6A064-33FC-465F-B350-28040C0D7AE5}.Release|x64.Build.0 = Release|x64
		{BAE6A064-33FC-465F-B350-28040C0D7AE5}.Release|x86.ActiveCfg = Release|x86
		{BAE6A064-33FC-465F-B350-28040C0D7AE5}.Release|x86.Build.0 = Release|x86
		{654E186C-C142-4588-AA8A-E5899565E512}.Debug|ARM.ActiveCfg = Debug|ARM
		{654E186C-C142-4588-AA8A-E5899565E512}.Debug|ARM.Build.0 = Debug|ARM
		{654E186C-C142-4588-AA8A-E5899565E512}.Debug|x64.ActiveCfg = Debug|x64
		{654E186C-C142-4588-AA8A-E5899565E512}.Debug|x64.Build.0 = Debug|x64
		{654E186C-C142-4588-AA8A-E5899565E512}.Debug|x86.ActiveCfg = Debug|x86
		{654E186C-C142-4588-AA8A-E5899565E512}.Debug|x86.Build.0 = Debug|x86
		{654E186C-C142-4588-AA8A-E5899565E512}.Master|ARM.ActiveCfg = Master|ARM
		{654E186C-C142-4588-AA8A-E5899565E512}.Master|ARM.Build.0 = Master|ARM
		{654E186C-C142-4588-AA8A-E5899565E512}.Master|x64.ActiveCfg = Master|x64
		{654E186C-C142-4588-AA8A-E5899565E512}.Master|x64.Build.0 = Master|x64
		{654E186C-C142-4588-AA8A-E5899565E512}.Master|x86.ActiveCfg = Master|x86
		{654E186C-C142-4588-AA8A-E5899565E512}.Master|x86.Build.0 = Master|x86
		{654E186C-C142-4588-AA8A-E5899565E512}.Release|ARM.ActiveCfg = Release|ARM
		{654E186C-C142-4588-AA8A-E5899565E512}.Release|ARM.Build.0 = Release|ARM
		{654E186C-C142-4588-AA8A-E5899565E512}.Release|x64.ActiveCfg = Release|x64
		{654E186C-C142-4588-AA8A-E5899565E512}.Release|x64.Build.0 = Release|x64
		{654E186C-C142-4588-AA8A-E5899565E512}.Release|x86.ActiveCfg = Release|x86
		{654E186C-C142-4588-AA8A-E5899565E512}.Release|x86.Build.0 = Release|x86
		{A9792F2E-5AA4-407E-8D3D-2161D31BF189}.Debug|ARM.ActiveCfg = Debug|ARM
		{A9792F2E-5AA4-407E-8D3D-2161D31BF189}.Debug|ARM.Build.0 = Debug|ARM
		{A9792F2E-5AA4-407E-8D3D-2161D31BF189}.Debug|x64.ActiveCfg = Debug|x64
		{A9792F2E-5AA4-407E-8D3D-2161D31BF189}.Debug|x64.Build.0 = Debug|x64
		{A9792F2E-5AA4-407E-8D3D-2161D31BF189}.Debug|x86.ActiveCfg = Debug|x86
		{A9792F2E-5AA4-407E-8D3D-2161D31BF189}.Debug|x86.Build.0 = Debug|x86
		{A9792F2E-5AA4-407E-8D3D-2161D31BF189}.Master|ARM.ActiveCfg = Master|ARM
		{A9792F2E-5AA4-407E-8D3D-2161D31BF189}.Master|ARM.Build.0 = Master|ARM
		{A9792F2E-5AA4-407E-8D3D-2161D31BF189}.Master|x64.ActiveCfg = Master|x64
		{A9792F2E-5AA4-407E-8D3D-2161D31BF189}.Master|x64.Build.0 = Master|x64
		{A9792F2E-5AA4-407E-8D3D-2161D31BF189}.Master|x86.ActiveCfg = Master|x86
		{A9792F2E-5AA4-407E-8D3D-2161D31BF189}.Master|x86.Build.0 = Master|x86
		{A9792F2E-5AA4-407E-8D3D-2161D31BF189}.Release|ARM.ActiveCfg = Release|ARM
		{A9792F2E-5AA4-407E-8D3D-2161D31BF189}.Release|ARM.Build.0 = Release|ARM
		{A9792F2E-5AA4-407E-8D3D-2161D31BF189}.Release|x64.ActiveCfg = Release|x64
		{A9792F2E-5AA4-407E-8D3D-2161D31BF189}.Release|x64.Build.0 = Release|x64
		{A9792F2E-5AA4-407E-8D3D-2161D31BF189}.Release|x86.ActiveCfg = Release|x86
		{A9792F2E-5AA4-407E-8D3D-2161D31BF189}.Release|x86.Build.0 = Release|x86
		{38568053-EFA9-497C-8410-2B74E0F990D5}.Debug|ARM.ActiveCfg = Debug|ARM
		{38568053-EFA9-497C-8410-2B74E0F990D5}.Debug|ARM.Build.0 = Debug|ARM
		{38568053-EFA9-497C-8410-2B74E0F990D5}.Debug|x64.ActiveCfg = Debug|x64
		{38568053-EFA9-497C-8410-2B74E0F990D5}.Debug|x64.Build.0 = Debug|x64
		{38568053-EFA9-497C-8410-2B74E0F990D5}.Debug|x86.ActiveCfg = Debug|x86
		{38568053-EFA9-497C-8410-2B74E0F990D5}.Debug|x86.Build.0 = Debug|x86
		{38568053-EFA9-497C-8410-2B74E0F990D5}.Master|ARM.ActiveCfg = Master|ARM
		{38568053-EFA9-497C-8410-2B74E0F990D5}.Master|ARM.Build.0 = Master|ARM
		{38568053-EFA9-497C-8410-2B74E0F990D5}.Master|x64.ActiveCfg = Master|x64
		{38568053-EFA9-497C-8410-2B74E0F990D5}.Master|x64.Build.0 = Master|x64
		{38568053-EFA9-497C-8410-2B74E0F990D5}.Master|x86.ActiveCfg = Master|x86
		{38568053-EFA9-497C-8410-2B74E0F990D5}.Master|x86.Build.0 = Master|x86
		{38568053-EFA9-497C-8410-2B74E0F990D5}.Release|ARM.ActiveCfg = Release|ARM
		{38568053-EFA9-497C-8410-2B74E0F990D5}.Release|ARM.Build.0 = Release|ARM
		{38568053-EFA9-497C-8410-2B74E0F990D5}.Release|x64.ActiveCfg = Release|x64
		{38568053-EFA9-497C-8410-2B74E0F990D5}.Release|x64.Build.0 = Release|x64
		{38568053-EFA9-497C-8410-2B74E0F990D5}.Release|x86.ActiveCfg = Release|x86
		{38568053-EFA9-497C-8410-2B74E0F990D5}.Release|x86.Build.0 = Release|x86
		{604F7DFE-5CC3-4286-BA85-71B65148989A}.Debug|ARM.ActiveCfg = Debug|ARM
		{604F7DFE-5CC3-4286-BA85-71B65148989A}.Debug|ARM.Build.0 = Debug|ARM
		{604F7DFE-5CC3-4286-BA85-71B65148989A}.Debug|x64.ActiveCfg = Debug|x64
		{604F7DFE-5CC3-4286-BA85-71B65148989A}.Debug|x64.Build.0 = Debug|x64
		{604F7DFE-5CC3-4286-BA85-71B65148989A}.Debug|x86.ActiveCfg = Debug|x86
		{604F7DFE-5CC3-4286-BA85-71B65148989A}.Debug|x86.Build.0 = Debug|x86
		{604F7DFE-5CC3-4286-BA85-71B65148989A}.Master|ARM.ActiveCfg = Master|ARM
		{604F7DFE-5CC3-4286-BA85-71B65148989A}.Master|ARM.Build.0 = Master|ARM
		{604F7DFE-5CC3-4286-BA85-71B65148989A}.Master|x64.ActiveCfg = Master|x64
		{604F7DFE-5CC3-4286-BA85-71B65148989A}.Master|x64.Build.0 = Master|x64
		{604F7DFE-5CC3-4286-BA85-71B65148989A}.Master|x86.ActiveCfg = Master|x86
		{604F7DFE-5CC3-4286-BA85-71B65148989A}.Master|x86.Build.0 = Master|x86
		{604F7DFE-5CC3-4286-BA85-71B65148989A}.Release|ARM.ActiveCfg = Release|ARM
		{604F7DFE-5CC3-4286-BA85-71B65148989A}.Release|ARM.Build.0 = Release|ARM
		{604F7DFE-5CC3-4286-BA85-71B65148989A}.Release|x64.ActiveCfg = Release|x64
		{604F7DFE-5CC3-4286-BA85-71B65148989A}.Release|x64.Build.0 = Release|x64
		{604F7DFE-5CC3-4286-BA85-71B65148989A}.Release|x86.ActiveCfg = Release|x86
		{604F7DFE-5CC3-4286-BA85-71B65148989A}.Release|x86.Build.0 = Release|x86
		{E013BE70-EF73-4238-A55D-65D11432515E}.Debug|ARM.ActiveCfg = Debug|ARM
		{E013BE70-EF73-4238-A55D-65D11432515E}.Debug|ARM.Build.0 = Debug|ARM
		{E013BE70-EF73-4238-A55D-65D11432515E}.Debug|x64.ActiveCfg = Debug|x64
		{E013BE70-EF73-4238-A55D-65D11432515E}.Debug|x64.Build.0 = Debug|x64
		{E013BE70-EF73-4238-A55D-65D11432515E}.Debug|x86.ActiveCfg = Debug|x86
		{E013BE70-EF73-4238-A55D-65D11432515E}.Debug|x86.Build.0 = Debug|x86
		{E013BE70-EF73-4238-A55D-65D11432515E}.Master|ARM.ActiveCfg = Master|ARM
		{E013BE70-EF73-4238-A55D-65D11432515E}.Master|ARM.Build.0 = Master|ARM
		{E013BE70-EF73-4238-A55D-65D11432515E}.Master|x64.ActiveCfg = Master|x64
		{E013BE70-EF73-4238-A55D-65D11432515E}.Master|x64.Build.0 = Master|x64
		{E013BE70-EF73-4238-A55D-65D11432515E}.Master|x86.ActiveCfg = Master|x86
		{E013BE70-EF73-4238-A55D-65D11432515E}.Master|x86.Build.0 = Master|x86
		{E013BE70-EF73-4238-A55D-65D11432515E}.Release|ARM.ActiveCfg = Release|ARM
		{E013BE70-EF73-4238-A55D-65D11432515E}.Release|ARM.Build.0 = Release|ARM
		{E013BE70-EF73-4238-A55D-65D11432515E}.Release|x64.ActiveCfg = Release|x64
		{E013BE70-EF73-4238-A55D-65D11432515E}.Release|x64.Build.0 = Release|x64
		{E013BE70-EF73-4238-A55D-65D11432515E}.Release|x86.ActiveCfg = Release|x86
		{E013BE70-EF73-4238-A55D-65D11432515E}.Release|x86.Build.0 = Release|x86
	EndGlobalSection
	GlobalSection(SolutionProperties) = preSolution
		HideSolutionNode = FALSE
	EndGlobalSection
	GlobalSection(ExtensibilityGlobals) = postSolution
		SolutionGuid = {CF74A91A-CA00-44AE-A9D8-4891FA37D937}
	EndGlobalSection
EndGlobal
